{
  "requires": true,
  "lockfileVersion": 1,
  "dependencies": {
    "autoprefixer": {
      "version": "10.0.4",
      "resolved": "https://registry.npmjs.org/autoprefixer/-/autoprefixer-10.0.4.tgz",
      "integrity": "sha512-hmjYejN/WTyPP9cdNmiwtwqM8/ACVJPD5ExtwoOceQohNbgnFNiwpL2+U4bXS8aXozBL00WvH6WhqbuHf0Fgfg==",
      "requires": {
        "browserslist": "^4.14.7",
        "caniuse-lite": "^1.0.30001161",
        "colorette": "^1.2.1",
        "normalize-range": "^0.1.2",
        "num2fraction": "^1.2.2",
        "postcss-value-parser": "^4.1.0"
      }
    },
    "browserslist": {
      "version": "4.15.0",
      "resolved": "https://registry.npmjs.org/browserslist/-/browserslist-4.15.0.tgz",
      "integrity": "sha512-IJ1iysdMkGmjjYeRlDU8PQejVwxvVO5QOfXH7ylW31GO6LwNRSmm/SgRXtNsEXqMLl2e+2H5eEJ7sfynF8TCaQ==",
      "requires": {
        "caniuse-lite": "^1.0.30001164",
        "colorette": "^1.2.1",
        "electron-to-chromium": "^1.3.612",
        "escalade": "^3.1.1",
        "node-releases": "^1.1.67"
      }
    },
    "caniuse-lite": {
      "version": "1.0.30001164",
      "resolved": "https://registry.npmjs.org/caniuse-lite/-/caniuse-lite-1.0.30001164.tgz",
      "integrity": "sha512-G+A/tkf4bu0dSp9+duNiXc7bGds35DioCyC6vgK2m/rjA4Krpy5WeZgZyfH2f0wj2kI6yAWWucyap6oOwmY1mg=="
    },
    "colorette": {
      "version": "1.2.1",
      "resolved": "https://registry.npmjs.org/colorette/-/colorette-1.2.1.tgz",
      "integrity": "sha512-puCDz0CzydiSYOrnXpz/PKd69zRrribezjtE9yd4zvytoRc8+RY/KJPvtPFKZS3E3wP6neGyMe0vOTlHO5L3Pw=="
    },
    "electron-to-chromium": {
      "version": "1.3.615",
      "resolved": "https://registry.npmjs.org/electron-to-chromium/-/electron-to-chromium-1.3.615.tgz",
      "integrity": "sha512-fNYTQXoUhNc6RmHDlGN4dgcLURSBIqQCN7ls6MuQ741+NJyLNRz8DxAC+pZpOKfRs6cfY0lv2kWdy8Oxf9j4+A=="
    },
    "escalade": {
      "version": "3.1.1",
      "resolved": "https://registry.npmjs.org/escalade/-/escalade-3.1.1.tgz",
      "integrity": "sha512-k0er2gUkLf8O0zKJiAhmkTnJlTvINGv7ygDNPbeIsX/TJjGJZHuh9B2UxbsaEkmlEo9MfhrSzmhIlhRlI2GXnw=="
    },
    "node-releases": {
      "version": "1.1.67",
      "resolved": "https://registry.npmjs.org/node-releases/-/node-releases-1.1.67.tgz",
      "integrity": "sha512-V5QF9noGFl3EymEwUYzO+3NTDpGfQB4ve6Qfnzf3UNydMhjQRVPR1DZTuvWiLzaFJYw2fmDwAfnRNEVb64hSIg=="
    },
    "normalize-range": {
      "version": "0.1.2",
      "resolved": "https://registry.npmjs.org/normalize-range/-/normalize-range-0.1.2.tgz",
      "integrity": "sha1-LRDAa9/TEuqXd2laTShDlFa3WUI="
    },
    "num2fraction": {
      "version": "1.2.2",
      "resolved": "https://registry.npmjs.org/num2fraction/-/num2fraction-1.2.2.tgz",
      "integrity": "sha1-b2gragJ6Tp3fpFZM0lidHU5mnt4="
    },
    "postcss-value-parser": {
      "version": "4.1.0",
      "resolved": "https://registry.npmjs.org/postcss-value-parser/-/postcss-value-parser-4.1.0.tgz",
      "integrity": "sha512-97DXOFbQJhk71ne5/Mt6cOu6yxsSfM0QGQyl0L25Gca4yGWEGJaig7l7gbCX623VqTBNGLRLaVUCnNkcedlRSQ=="
    }
  }
}
