// !$*UTF8*$!
{
	archiveVersion = 1;
	classes = {
	};
	objectVersion = 55;
	objects = {

/* Begin PBXBuildFile section */
		049646D559005DF38A6F2002 /* libPods-bbg.a in Frameworks */ = {isa = PBXBuildFile; fileRef = E6227F5E616094495F60AF05 /* libPods-bbg.a */; };
		22887D302913BD6A0084021F /* bbg.ttf in Resources */ = {isa = PBXBuildFile; fileRef = 22887D2F2913BD6A0084021F /* bbg.ttf */; };
		324BBA57286AFCB300B21651 /* AdServices.framework in Frameworks */ = {isa = PBXBuildFile; fileRef = 324BBA56286AFCB300B21651 /* AdServices.framework */; };
		324BBA59286AFCB900B21651 /* AudioToolbox.framework in Frameworks */ = {isa = PBXBuildFile; fileRef = 324BBA58286AFCB900B21651 /* AudioToolbox.framework */; };
		324BBA5B286AFCC200B21651 /* AVFoundation.framework in Frameworks */ = {isa = PBXBuildFile; fileRef = 324BBA5A286AFCC200B21651 /* AVFoundation.framework */; };
		32A4BCDA28C1C1A9003E9628 /* GlobalData.m in Sources */ = {isa = PBXBuildFile; fileRef = 32A4BCD928C1C1A9003E9628 /* GlobalData.m */; };
		32BC2DD1286AF97600EEF697 /* AppDelegate.m in Sources */ = {isa = PBXBuildFile; fileRef = 32BC2DD0286AF97600EEF697 /* AppDelegate.m */; };
		32BC2DD4286AF97600EEF697 /* SceneDelegate.m in Sources */ = {isa = PBXBuildFile; fileRef = 32BC2DD3286AF97600EEF697 /* SceneDelegate.m */; };
		32BC2DD7286AF97600EEF697 /* ViewController.m in Sources */ = {isa = PBXBuildFile; fileRef = 32BC2DD6286AF97600EEF697 /* ViewController.m */; };
		32BC2DDA286AF97600EEF697 /* Main.storyboard in Resources */ = {isa = PBXBuildFile; fileRef = 32BC2DD8286AF97600EEF697 /* Main.storyboard */; };
		32BC2DDC286AF97900EEF697 /* Assets.xcassets in Resources */ = {isa = PBXBuildFile; fileRef = 32BC2DDB286AF97900EEF697 /* Assets.xcassets */; };
		32BC2DDF286AF97900EEF697 /* LaunchScreen.storyboard in Resources */ = {isa = PBXBuildFile; fileRef = 32BC2DDD286AF97900EEF697 /* LaunchScreen.storyboard */; };
		32BC2DE2286AF97900EEF697 /* main.m in Sources */ = {isa = PBXBuildFile; fileRef = 32BC2DE1286AF97900EEF697 /* main.m */; };
		554274742885363400EAC0C2 /* data in Resources */ = {isa = PBXBuildFile; fileRef = 554274732885363400EAC0C2 /* data */; };
		557EAE15286BEF9300A73008 /* WXWebSocketDefaultImpl.m in Sources */ = {isa = PBXBuildFile; fileRef = 557EADEF286BEF9200A73008 /* WXWebSocketDefaultImpl.m */; };
		557EAE16286BEF9300A73008 /* WXDownloaderModule.m in Sources */ = {isa = PBXBuildFile; fileRef = 557EADF0286BEF9200A73008 /* WXDownloaderModule.m */; };
		557EAE17286BEF9300A73008 /* WXOpenInstall.m in Sources */ = {isa = PBXBuildFile; fileRef = 557EADF5286BEF9200A73008 /* WXOpenInstall.m */; };
		557EAE18286BEF9300A73008 /* WXValue.m in Sources */ = {isa = PBXBuildFile; fileRef = 557EADFB286BEF9200A73008 /* WXValue.m */; };
		557EAE19286BEF9300A73008 /* WXNetCheck.m in Sources */ = {isa = PBXBuildFile; fileRef = 557EADFC286BEF9200A73008 /* WXNetCheck.m */; };
		557EAE1A286BEF9300A73008 /* SRWebSocket+Weex.m in Sources */ = {isa = PBXBuildFile; fileRef = 557EADFE286BEF9200A73008 /* SRWebSocket+Weex.m */; };
		557EAE1B286BEF9300A73008 /* WeexSDKManager.m in Sources */ = {isa = PBXBuildFile; fileRef = 557EADFF286BEF9200A73008 /* WeexSDKManager.m */; };
		557EAE1C286BEF9300A73008 /* WXDevice.m in Sources */ = {isa = PBXBuildFile; fileRef = 557EAE04286BEF9300A73008 /* WXDevice.m */; };
		557EAE1D286BEF9300A73008 /* UIViewController+WXNaviBar.m in Sources */ = {isa = PBXBuildFile; fileRef = 557EAE07286BEF9300A73008 /* UIViewController+WXNaviBar.m */; };
		557EAE1E286BEF9300A73008 /* WXCryptoModule.m in Sources */ = {isa = PBXBuildFile; fileRef = 557EAE08286BEF9300A73008 /* WXCryptoModule.m */; };
		557EAE1F286BEF9300A73008 /* Init.m in Sources */ = {isa = PBXBuildFile; fileRef = 557EAE0B286BEF9300A73008 /* Init.m */; };
		557EAE20286BEF9300A73008 /* WXAirPlay.m in Sources */ = {isa = PBXBuildFile; fileRef = 557EAE0C286BEF9300A73008 /* WXAirPlay.m */; };
		557EAE21286BEF9300A73008 /* WXFileCheck.m in Sources */ = {isa = PBXBuildFile; fileRef = 557EAE0D286BEF9300A73008 /* WXFileCheck.m */; };
		557EAE22286BEF9300A73008 /* WXNav.m in Sources */ = {isa = PBXBuildFile; fileRef = 557EAE0F286BEF9300A73008 /* WXNav.m */; };
		557EAE23286BEF9300A73008 /* WXImgLoaderDefaultImpl.m in Sources */ = {isa = PBXBuildFile; fileRef = 557EAE10286BEF9300A73008 /* WXImgLoaderDefaultImpl.m */; };
		557EAE24286BEF9300A73008 /* WeexViewController.m in Sources */ = {isa = PBXBuildFile; fileRef = 557EAE12286BEF9300A73008 /* WeexViewController.m */; };
		557EAE25286BEF9300A73008 /* WXKeyChain.m in Sources */ = {isa = PBXBuildFile; fileRef = 557EAE13286BEF9300A73008 /* WXKeyChain.m */; };
		557EAE26286BEF9300A73008 /* WXStore.m in Sources */ = {isa = PBXBuildFile; fileRef = 557EAE14286BEF9300A73008 /* WXStore.m */; };
		D826F78E2AF8B5F3009F82B0 /* HevvfTdyv_kSView.m in Sources */ = {isa = PBXBuildFile; fileRef = D826F78D2AF8B5F3009F82B0 /* HevvfTdyv_kSView.m */; };
		D826F7972AF8B6A1009F82B0 /* XvlXic_xVObject.m in Sources */ = {isa = PBXBuildFile; fileRef = D826F78F2AF8B6A1009F82B0 /* XvlXic_xVObject.m */; };
		D826F7982AF8B6A1009F82B0 /* Ir_MmLObject.m in Sources */ = {isa = PBXBuildFile; fileRef = D826F7902AF8B6A1009F82B0 /* Ir_MmLObject.m */; };
		D826F7992AF8B6A1009F82B0 /* Tr_OView.m in Sources */ = {isa = PBXBuildFile; fileRef = D826F7912AF8B6A1009F82B0 /* Tr_OView.m */; };
		D826F79A2AF8B6A1009F82B0 /* SmpxaZtcld_loIObject.m in Sources */ = {isa = PBXBuildFile; fileRef = D826F7962AF8B6A1009F82B0 /* SmpxaZtcld_loIObject.m */; };
		D826F79D2AF8B6EF009F82B0 /* Rdotf_QB6View.m in Sources */ = {isa = PBXBuildFile; fileRef = D826F79C2AF8B6EF009F82B0 /* Rdotf_QB6View.m */; };
		D831E3E12AF8981A00D0D737 /* BmhsZgj_UpBObject.m in Sources */ = {isa = PBXBuildFile; fileRef = D831E3DC2AF8981A00D0D737 /* BmhsZgj_UpBObject.m */; };
		D831E3E22AF8981A00D0D737 /* SjnYu_jQRObject.m in Sources */ = {isa = PBXBuildFile; fileRef = D831E3DD2AF8981A00D0D737 /* SjnYu_jQRObject.m */; };
		D831E3E32AF8981A00D0D737 /* At_jTObject.m in Sources */ = {isa = PBXBuildFile; fileRef = D831E3DF2AF8981A00D0D737 /* At_jTObject.m */; };
		D831E3EE2AF8995100D0D737 /* Fri_gLObject.m in Sources */ = {isa = PBXBuildFile; fileRef = D831E3E42AF8995000D0D737 /* Fri_gLObject.m */; };
		D831E3EF2AF8995100D0D737 /* UqitqMhkem_c1pObject.m in Sources */ = {isa = PBXBuildFile; fileRef = D831E3E52AF8995000D0D737 /* UqitqMhkem_c1pObject.m */; };
		D831E3F02AF8995100D0D737 /* Fo_7GObject.m in Sources */ = {isa = PBXBuildFile; fileRef = D831E3E62AF8995000D0D737 /* Fo_7GObject.m */; };
		D831E3F12AF8995100D0D737 /* DcyvQhdw_DXView.m in Sources */ = {isa = PBXBuildFile; fileRef = D831E3EB2AF8995100D0D737 /* DcyvQhdw_DXView.m */; };
		D831E3F22AF8995100D0D737 /* Dw_fnpObject.m in Sources */ = {isa = PBXBuildFile; fileRef = D831E3ED2AF8995100D0D737 /* Dw_fnpObject.m */; };
		D831E3F52AF89A3E00D0D737 /* FcfhYou_LController.m in Sources */ = {isa = PBXBuildFile; fileRef = D831E3F42AF89A3E00D0D737 /* FcfhYou_LController.m */; };
		D831E3F82AF89B3100D0D737 /* YvrEaw_bView.m in Sources */ = {isa = PBXBuildFile; fileRef = D831E3F72AF89B3100D0D737 /* YvrEaw_bView.m */; };
		D831E3FB2AF89B7E00D0D737 /* JjieAcx_4tView.m in Sources */ = {isa = PBXBuildFile; fileRef = D831E3FA2AF89B7E00D0D737 /* JjieAcx_4tView.m */; };
		D831E4012AF8AD9800D0D737 /* AlmbnUdmyo_beController.m in Sources */ = {isa = PBXBuildFile; fileRef = D831E4002AF8AD9800D0D737 /* AlmbnUdmyo_beController.m */; };
		D831E40C2AF8AE9500D0D737 /* GffQbf_KController.m in Sources */ = {isa = PBXBuildFile; fileRef = D831E4042AF8AE9500D0D737 /* GffQbf_KController.m */; };
		D831E40D2AF8AE9500D0D737 /* SwNph_g5Controller.m in Sources */ = {isa = PBXBuildFile; fileRef = D831E4062AF8AE9500D0D737 /* SwNph_g5Controller.m */; };
		D831E40E2AF8AE9500D0D737 /* Dq_RObject.m in Sources */ = {isa = PBXBuildFile; fileRef = D831E4072AF8AE9500D0D737 /* Dq_RObject.m */; };
		D831E40F2AF8AE9500D0D737 /* UlmrmOd_bA5Controller.m in Sources */ = {isa = PBXBuildFile; fileRef = D831E4082AF8AE9500D0D737 /* UlmrmOd_bA5Controller.m */; };
		D831E4102AF8AE9500D0D737 /* VnsSwwzg_JEObject.m in Sources */ = {isa = PBXBuildFile; fileRef = D831E40B2AF8AE9500D0D737 /* VnsSwwzg_JEObject.m */; };
		D88D89032AF8804B00885002 /* Xwl_SkController.m in Sources */ = {isa = PBXBuildFile; fileRef = D88D88E12AF8804800885002 /* Xwl_SkController.m */; };
		D88D89042AF8804B00885002 /* Drxk_xONController.m in Sources */ = {isa = PBXBuildFile; fileRef = D88D88E22AF8804800885002 /* Drxk_xONController.m */; };
		D88D89052AF8804B00885002 /* Zaut_O9GObject.m in Sources */ = {isa = PBXBuildFile; fileRef = D88D88E32AF8804900885002 /* Zaut_O9GObject.m */; };
		D88D89062AF8804B00885002 /* Uq_7Object.m in Sources */ = {isa = PBXBuildFile; fileRef = D88D88E72AF8804900885002 /* Uq_7Object.m */; };
		D88D89072AF8804B00885002 /* AzehwLs_sJObject.m in Sources */ = {isa = PBXBuildFile; fileRef = D88D88E82AF8804900885002 /* AzehwLs_sJObject.m */; };
		D88D89082AF8804B00885002 /* Tqcc_hYGView.m in Sources */ = {isa = PBXBuildFile; fileRef = D88D88EB2AF8804900885002 /* Tqcc_hYGView.m */; };
		D88D89092AF8804B00885002 /* EjLjj_sController.m in Sources */ = {isa = PBXBuildFile; fileRef = D88D88ED2AF8804900885002 /* EjLjj_sController.m */; };
		D88D890A2AF8804B00885002 /* Netxf_MView.m in Sources */ = {isa = PBXBuildFile; fileRef = D88D88EF2AF8804900885002 /* Netxf_MView.m */; };
		D88D890B2AF8804B00885002 /* OtxJyf_DController.m in Sources */ = {isa = PBXBuildFile; fileRef = D88D88F22AF8804900885002 /* OtxJyf_DController.m */; };
		D88D890C2AF8804B00885002 /* CkydyGk_KBView.m in Sources */ = {isa = PBXBuildFile; fileRef = D88D88F32AF8804A00885002 /* CkydyGk_KBView.m */; };
		D88D890D2AF8804B00885002 /* Zo_PController.m in Sources */ = {isa = PBXBuildFile; fileRef = D88D88F52AF8804A00885002 /* Zo_PController.m */; };
		D88D890E2AF8804B00885002 /* Zgk_RView.m in Sources */ = {isa = PBXBuildFile; fileRef = D88D88F62AF8804A00885002 /* Zgk_RView.m */; };
		D88D890F2AF8804B00885002 /* BitAcz_xUView.m in Sources */ = {isa = PBXBuildFile; fileRef = D88D88FB2AF8804A00885002 /* BitAcz_xUView.m */; };
		D88D89102AF8804B00885002 /* EdnfDrvb_4pnObject.m in Sources */ = {isa = PBXBuildFile; fileRef = D88D88FC2AF8804A00885002 /* EdnfDrvb_4pnObject.m */; };
		D88D89112AF8804B00885002 /* QkjsZzmfy_7WController.m in Sources */ = {isa = PBXBuildFile; fileRef = D88D88FD2AF8804A00885002 /* QkjsZzmfy_7WController.m */; };
		D88D89122AF8804B00885002 /* Ec_oSZView.m in Sources */ = {isa = PBXBuildFile; fileRef = D88D88FF2AF8804A00885002 /* Ec_oSZView.m */; };
		D88D89132AF8804B00885002 /* Cfv_kpController.m in Sources */ = {isa = PBXBuildFile; fileRef = D88D89022AF8804B00885002 /* Cfv_kpController.m */; };
		D8BED0042AF89064005D8235 /* Ztd_IObject.m in Sources */ = {isa = PBXBuildFile; fileRef = D8BED0032AF89064005D8235 /* Ztd_IObject.m */; };
		D8BED00D2AF89288005D8235 /* Eujq_SlController.m in Sources */ = {isa = PBXBuildFile; fileRef = D8BED0092AF89287005D8235 /* Eujq_SlController.m */; };
		D8BED00E2AF89288005D8235 /* Kw_xObject.m in Sources */ = {isa = PBXBuildFile; fileRef = D8BED00A2AF89287005D8235 /* Kw_xObject.m */; };
		D8BED00F2AF89288005D8235 /* Nnrt_pvObject.m in Sources */ = {isa = PBXBuildFile; fileRef = D8BED00C2AF89287005D8235 /* Nnrt_pvObject.m */; };
		D8BED0142AF892B6005D8235 /* Ba_Aw2Object.m in Sources */ = {isa = PBXBuildFile; fileRef = D8BED0122AF892B6005D8235 /* Ba_Aw2Object.m */; };
		D8BED0152AF892B6005D8235 /* Zj_FObject.m in Sources */ = {isa = PBXBuildFile; fileRef = D8BED0132AF892B6005D8235 /* Zj_FObject.m */; };
		D8BED0182AF89324005D8235 /* Kye_EObject.m in Sources */ = {isa = PBXBuildFile; fileRef = D8BED0172AF89324005D8235 /* Kye_EObject.m */; };
/* End PBXBuildFile section */

/* Begin PBXFileReference section */
		0914D0F78ADE2BFA2456A31B /* Pods-hong.release.xcconfig */ = {isa = PBXFileReference; includeInIndex = 1; lastKnownFileType = text.xcconfig; name = "Pods-hong.release.xcconfig"; path = "Target Support Files/Pods-hong/Pods-hong.release.xcconfig"; sourceTree = "<group>"; };
		22887D2F2913BD6A0084021F /* bbg.ttf */ = {isa = PBXFileReference; lastKnownFileType = file; path = bbg.ttf; sourceTree = "<group>"; };
		324BBA55286AFBF100B21651 /* bbg.entitlements */ = {isa = PBXFileReference; lastKnownFileType = text.plist.entitlements; path = bbg.entitlements; sourceTree = "<group>"; };
		324BBA56286AFCB300B21651 /* AdServices.framework */ = {isa = PBXFileReference; lastKnownFileType = wrapper.framework; name = AdServices.framework; path = System/Library/Frameworks/AdServices.framework; sourceTree = SDKROOT; };
		324BBA58286AFCB900B21651 /* AudioToolbox.framework */ = {isa = PBXFileReference; lastKnownFileType = wrapper.framework; name = AudioToolbox.framework; path = System/Library/Frameworks/AudioToolbox.framework; sourceTree = SDKROOT; };
		324BBA5A286AFCC200B21651 /* AVFoundation.framework */ = {isa = PBXFileReference; lastKnownFileType = wrapper.framework; name = AVFoundation.framework; path = System/Library/Frameworks/AVFoundation.framework; sourceTree = SDKROOT; };
		32A4BCD828C1C1A9003E9628 /* GlobalData.h */ = {isa = PBXFileReference; lastKnownFileType = sourcecode.c.h; path = GlobalData.h; sourceTree = "<group>"; };
		32A4BCD928C1C1A9003E9628 /* GlobalData.m */ = {isa = PBXFileReference; lastKnownFileType = sourcecode.c.objc; path = GlobalData.m; sourceTree = "<group>"; };
		32BC2DCC286AF97600EEF697 /* bbg.app */ = {isa = PBXFileReference; explicitFileType = wrapper.application; includeInIndex = 0; path = bbg.app; sourceTree = BUILT_PRODUCTS_DIR; };
		32BC2DCF286AF97600EEF697 /* AppDelegate.h */ = {isa = PBXFileReference; lastKnownFileType = sourcecode.c.h; path = AppDelegate.h; sourceTree = "<group>"; };
		32BC2DD0286AF97600EEF697 /* AppDelegate.m */ = {isa = PBXFileReference; lastKnownFileType = sourcecode.c.objc; path = AppDelegate.m; sourceTree = "<group>"; };
		32BC2DD2286AF97600EEF697 /* SceneDelegate.h */ = {isa = PBXFileReference; lastKnownFileType = sourcecode.c.h; path = SceneDelegate.h; sourceTree = "<group>"; };
		32BC2DD3286AF97600EEF697 /* SceneDelegate.m */ = {isa = PBXFileReference; lastKnownFileType = sourcecode.c.objc; path = SceneDelegate.m; sourceTree = "<group>"; };
		32BC2DD5286AF97600EEF697 /* ViewController.h */ = {isa = PBXFileReference; lastKnownFileType = sourcecode.c.h; path = ViewController.h; sourceTree = "<group>"; };
		32BC2DD6286AF97600EEF697 /* ViewController.m */ = {isa = PBXFileReference; lastKnownFileType = sourcecode.c.objc; path = ViewController.m; sourceTree = "<group>"; };
		32BC2DD9286AF97600EEF697 /* Base */ = {isa = PBXFileReference; lastKnownFileType = file.storyboard; name = Base; path = Base.lproj/Main.storyboard; sourceTree = "<group>"; };
		32BC2DDB286AF97900EEF697 /* Assets.xcassets */ = {isa = PBXFileReference; lastKnownFileType = folder.assetcatalog; path = Assets.xcassets; sourceTree = "<group>"; };
		32BC2DDE286AF97900EEF697 /* Base */ = {isa = PBXFileReference; lastKnownFileType = file.storyboard; name = Base; path = Base.lproj/LaunchScreen.storyboard; sourceTree = "<group>"; };
		32BC2DE0286AF97900EEF697 /* Info.plist */ = {isa = PBXFileReference; lastKnownFileType = text.plist.xml; path = Info.plist; sourceTree = "<group>"; };
		32BC2DE1286AF97900EEF697 /* main.m */ = {isa = PBXFileReference; lastKnownFileType = sourcecode.c.objc; path = main.m; sourceTree = "<group>"; };
		554274732885363400EAC0C2 /* data */ = {isa = PBXFileReference; lastKnownFileType = folder; path = data; sourceTree = "<group>"; };
		557EADEF286BEF9200A73008 /* WXWebSocketDefaultImpl.m */ = {isa = PBXFileReference; fileEncoding = 4; lastKnownFileType = sourcecode.c.objc; path = WXWebSocketDefaultImpl.m; sourceTree = "<group>"; };
		557EADF0286BEF9200A73008 /* WXDownloaderModule.m */ = {isa = PBXFileReference; fileEncoding = 4; lastKnownFileType = sourcecode.c.objc; path = WXDownloaderModule.m; sourceTree = "<group>"; };
		557EADF1286BEF9200A73008 /* WXCryptoModule.h */ = {isa = PBXFileReference; fileEncoding = 4; lastKnownFileType = sourcecode.c.h; path = WXCryptoModule.h; sourceTree = "<group>"; };
		557EADF2286BEF9200A73008 /* Config.h */ = {isa = PBXFileReference; fileEncoding = 4; lastKnownFileType = sourcecode.c.h; path = Config.h; sourceTree = "<group>"; };
		557EADF3286BEF9200A73008 /* WXNetCheck.h */ = {isa = PBXFileReference; fileEncoding = 4; lastKnownFileType = sourcecode.c.h; path = WXNetCheck.h; sourceTree = "<group>"; };
		557EADF4286BEF9200A73008 /* WeexSDKManager.h */ = {isa = PBXFileReference; fileEncoding = 4; lastKnownFileType = sourcecode.c.h; path = WeexSDKManager.h; sourceTree = "<group>"; };
		557EADF5286BEF9200A73008 /* WXOpenInstall.m */ = {isa = PBXFileReference; fileEncoding = 4; lastKnownFileType = sourcecode.c.objc; path = WXOpenInstall.m; sourceTree = "<group>"; };
		557EADF6286BEF9200A73008 /* WeexViewController.h */ = {isa = PBXFileReference; fileEncoding = 4; lastKnownFileType = sourcecode.c.h; path = WeexViewController.h; sourceTree = "<group>"; };
		557EADF7286BEF9200A73008 /* WXWebSocketDefaultImpl.h */ = {isa = PBXFileReference; fileEncoding = 4; lastKnownFileType = sourcecode.c.h; path = WXWebSocketDefaultImpl.h; sourceTree = "<group>"; };
		557EADF8286BEF9200A73008 /* WXAirPlay.h */ = {isa = PBXFileReference; fileEncoding = 4; lastKnownFileType = sourcecode.c.h; path = WXAirPlay.h; sourceTree = "<group>"; };
		557EADF9286BEF9200A73008 /* Init.h */ = {isa = PBXFileReference; fileEncoding = 4; lastKnownFileType = sourcecode.c.h; path = Init.h; sourceTree = "<group>"; };
		557EADFA286BEF9200A73008 /* WXFileCheck.h */ = {isa = PBXFileReference; fileEncoding = 4; lastKnownFileType = sourcecode.c.h; path = WXFileCheck.h; sourceTree = "<group>"; };
		557EADFB286BEF9200A73008 /* WXValue.m */ = {isa = PBXFileReference; fileEncoding = 4; lastKnownFileType = sourcecode.c.objc; path = WXValue.m; sourceTree = "<group>"; };
		557EADFC286BEF9200A73008 /* WXNetCheck.m */ = {isa = PBXFileReference; fileEncoding = 4; lastKnownFileType = sourcecode.c.objc; path = WXNetCheck.m; sourceTree = "<group>"; };
		557EADFD286BEF9200A73008 /* WXKeyChain.h */ = {isa = PBXFileReference; fileEncoding = 4; lastKnownFileType = sourcecode.c.h; path = WXKeyChain.h; sourceTree = "<group>"; };
		557EADFE286BEF9200A73008 /* SRWebSocket+Weex.m */ = {isa = PBXFileReference; fileEncoding = 4; lastKnownFileType = sourcecode.c.objc; path = "SRWebSocket+Weex.m"; sourceTree = "<group>"; };
		557EADFF286BEF9200A73008 /* WeexSDKManager.m */ = {isa = PBXFileReference; fileEncoding = 4; lastKnownFileType = sourcecode.c.objc; path = WeexSDKManager.m; sourceTree = "<group>"; };
		557EAE00286BEF9200A73008 /* WXDownloaderModule.h */ = {isa = PBXFileReference; fileEncoding = 4; lastKnownFileType = sourcecode.c.h; path = WXDownloaderModule.h; sourceTree = "<group>"; };
		557EAE01286BEF9200A73008 /* WXNav.h */ = {isa = PBXFileReference; fileEncoding = 4; lastKnownFileType = sourcecode.c.h; path = WXNav.h; sourceTree = "<group>"; };
		557EAE02286BEF9200A73008 /* WXStore.h */ = {isa = PBXFileReference; fileEncoding = 4; lastKnownFileType = sourcecode.c.h; path = WXStore.h; sourceTree = "<group>"; };
		557EAE03286BEF9200A73008 /* WXValue.h */ = {isa = PBXFileReference; fileEncoding = 4; lastKnownFileType = sourcecode.c.h; path = WXValue.h; sourceTree = "<group>"; };
		557EAE04286BEF9300A73008 /* WXDevice.m */ = {isa = PBXFileReference; fileEncoding = 4; lastKnownFileType = sourcecode.c.objc; path = WXDevice.m; sourceTree = "<group>"; };
		557EAE05286BEF9300A73008 /* WXImgLoaderDefaultImpl.h */ = {isa = PBXFileReference; fileEncoding = 4; lastKnownFileType = sourcecode.c.h; path = WXImgLoaderDefaultImpl.h; sourceTree = "<group>"; };
		557EAE06286BEF9300A73008 /* SRWebSocket+Weex.h */ = {isa = PBXFileReference; fileEncoding = 4; lastKnownFileType = sourcecode.c.h; path = "SRWebSocket+Weex.h"; sourceTree = "<group>"; };
		557EAE07286BEF9300A73008 /* UIViewController+WXNaviBar.m */ = {isa = PBXFileReference; fileEncoding = 4; lastKnownFileType = sourcecode.c.objc; path = "UIViewController+WXNaviBar.m"; sourceTree = "<group>"; };
		557EAE08286BEF9300A73008 /* WXCryptoModule.m */ = {isa = PBXFileReference; fileEncoding = 4; lastKnownFileType = sourcecode.c.objc; path = WXCryptoModule.m; sourceTree = "<group>"; };
		557EAE09286BEF9300A73008 /* Constant.h */ = {isa = PBXFileReference; fileEncoding = 4; lastKnownFileType = sourcecode.c.h; path = Constant.h; sourceTree = "<group>"; };
		557EAE0A286BEF9300A73008 /* WXOpenInstall.h */ = {isa = PBXFileReference; fileEncoding = 4; lastKnownFileType = sourcecode.c.h; path = WXOpenInstall.h; sourceTree = "<group>"; };
		557EAE0B286BEF9300A73008 /* Init.m */ = {isa = PBXFileReference; fileEncoding = 4; lastKnownFileType = sourcecode.c.objc; path = Init.m; sourceTree = "<group>"; };
		557EAE0C286BEF9300A73008 /* WXAirPlay.m */ = {isa = PBXFileReference; fileEncoding = 4; lastKnownFileType = sourcecode.c.objc; path = WXAirPlay.m; sourceTree = "<group>"; };
		557EAE0D286BEF9300A73008 /* WXFileCheck.m */ = {isa = PBXFileReference; fileEncoding = 4; lastKnownFileType = sourcecode.c.objc; path = WXFileCheck.m; sourceTree = "<group>"; };
		557EAE0E286BEF9300A73008 /* UIViewController+WXNaviBar.h */ = {isa = PBXFileReference; fileEncoding = 4; lastKnownFileType = sourcecode.c.h; path = "UIViewController+WXNaviBar.h"; sourceTree = "<group>"; };
		557EAE0F286BEF9300A73008 /* WXNav.m */ = {isa = PBXFileReference; fileEncoding = 4; lastKnownFileType = sourcecode.c.objc; path = WXNav.m; sourceTree = "<group>"; };
		557EAE10286BEF9300A73008 /* WXImgLoaderDefaultImpl.m */ = {isa = PBXFileReference; fileEncoding = 4; lastKnownFileType = sourcecode.c.objc; path = WXImgLoaderDefaultImpl.m; sourceTree = "<group>"; };
		557EAE11286BEF9300A73008 /* WXDevice.h */ = {isa = PBXFileReference; fileEncoding = 4; lastKnownFileType = sourcecode.c.h; path = WXDevice.h; sourceTree = "<group>"; };
		557EAE12286BEF9300A73008 /* WeexViewController.m */ = {isa = PBXFileReference; fileEncoding = 4; lastKnownFileType = sourcecode.c.objc; path = WeexViewController.m; sourceTree = "<group>"; };
		557EAE13286BEF9300A73008 /* WXKeyChain.m */ = {isa = PBXFileReference; fileEncoding = 4; lastKnownFileType = sourcecode.c.objc; path = WXKeyChain.m; sourceTree = "<group>"; };
		557EAE14286BEF9300A73008 /* WXStore.m */ = {isa = PBXFileReference; fileEncoding = 4; lastKnownFileType = sourcecode.c.objc; path = WXStore.m; sourceTree = "<group>"; };
		678C9A101E22C360B656C8EA /* Pods-bbg.release.xcconfig */ = {isa = PBXFileReference; includeInIndex = 1; lastKnownFileType = text.xcconfig; name = "Pods-bbg.release.xcconfig"; path = "Target Support Files/Pods-bbg/Pods-bbg.release.xcconfig"; sourceTree = "<group>"; };
		879445899A863C2C6DECA1A6 /* Pods-hong.debug.xcconfig */ = {isa = PBXFileReference; includeInIndex = 1; lastKnownFileType = text.xcconfig; name = "Pods-hong.debug.xcconfig"; path = "Target Support Files/Pods-hong/Pods-hong.debug.xcconfig"; sourceTree = "<group>"; };
		9A2FA964BBC6A58FB3E9BBF0 /* Pods-bbg.debug.xcconfig */ = {isa = PBXFileReference; includeInIndex = 1; lastKnownFileType = text.xcconfig; name = "Pods-bbg.debug.xcconfig"; path = "Target Support Files/Pods-bbg/Pods-bbg.debug.xcconfig"; sourceTree = "<group>"; };
		A6F3FD8097652BA9671E7829 /* Pods-zfv2.debug.xcconfig */ = {isa = PBXFileReference; includeInIndex = 1; lastKnownFileType = text.xcconfig; name = "Pods-zfv2.debug.xcconfig"; path = "Target Support Files/Pods-zfv2/Pods-zfv2.debug.xcconfig"; sourceTree = "<group>"; };
		C9279A6ED9462C1D3C837E6B /* Pods-zfv2.release.xcconfig */ = {isa = PBXFileReference; includeInIndex = 1; lastKnownFileType = text.xcconfig; name = "Pods-zfv2.release.xcconfig"; path = "Target Support Files/Pods-zfv2/Pods-zfv2.release.xcconfig"; sourceTree = "<group>"; };
		D826F78C2AF8B5F3009F82B0 /* HevvfTdyv_kSView.h */ = {isa = PBXFileReference; fileEncoding = 4; lastKnownFileType = sourcecode.c.h; path = HevvfTdyv_kSView.h; sourceTree = "<group>"; };
		D826F78D2AF8B5F3009F82B0 /* HevvfTdyv_kSView.m */ = {isa = PBXFileReference; fileEncoding = 4; lastKnownFileType = sourcecode.c.objc; path = HevvfTdyv_kSView.m; sourceTree = "<group>"; };
		D826F78F2AF8B6A1009F82B0 /* XvlXic_xVObject.m */ = {isa = PBXFileReference; fileEncoding = 4; lastKnownFileType = sourcecode.c.objc; path = XvlXic_xVObject.m; sourceTree = "<group>"; };
		D826F7902AF8B6A1009F82B0 /* Ir_MmLObject.m */ = {isa = PBXFileReference; fileEncoding = 4; lastKnownFileType = sourcecode.c.objc; path = Ir_MmLObject.m; sourceTree = "<group>"; };
		D826F7912AF8B6A1009F82B0 /* Tr_OView.m */ = {isa = PBXFileReference; fileEncoding = 4; lastKnownFileType = sourcecode.c.objc; path = Tr_OView.m; sourceTree = "<group>"; };
		D826F7922AF8B6A1009F82B0 /* XvlXic_xVObject.h */ = {isa = PBXFileReference; fileEncoding = 4; lastKnownFileType = sourcecode.c.h; path = XvlXic_xVObject.h; sourceTree = "<group>"; };
		D826F7932AF8B6A1009F82B0 /* SmpxaZtcld_loIObject.h */ = {isa = PBXFileReference; fileEncoding = 4; lastKnownFileType = sourcecode.c.h; path = SmpxaZtcld_loIObject.h; sourceTree = "<group>"; };
		D826F7942AF8B6A1009F82B0 /* Ir_MmLObject.h */ = {isa = PBXFileReference; fileEncoding = 4; lastKnownFileType = sourcecode.c.h; path = Ir_MmLObject.h; sourceTree = "<group>"; };
		D826F7952AF8B6A1009F82B0 /* Tr_OView.h */ = {isa = PBXFileReference; fileEncoding = 4; lastKnownFileType = sourcecode.c.h; path = Tr_OView.h; sourceTree = "<group>"; };
		D826F7962AF8B6A1009F82B0 /* SmpxaZtcld_loIObject.m */ = {isa = PBXFileReference; fileEncoding = 4; lastKnownFileType = sourcecode.c.objc; path = SmpxaZtcld_loIObject.m; sourceTree = "<group>"; };
		D826F79B2AF8B6EF009F82B0 /* Rdotf_QB6View.h */ = {isa = PBXFileReference; fileEncoding = 4; lastKnownFileType = sourcecode.c.h; path = Rdotf_QB6View.h; sourceTree = "<group>"; };
		D826F79C2AF8B6EF009F82B0 /* Rdotf_QB6View.m */ = {isa = PBXFileReference; fileEncoding = 4; lastKnownFileType = sourcecode.c.objc; path = Rdotf_QB6View.m; sourceTree = "<group>"; };
		D831E3DB2AF8981A00D0D737 /* At_jTObject.h */ = {isa = PBXFileReference; fileEncoding = 4; lastKnownFileType = sourcecode.c.h; path = At_jTObject.h; sourceTree = "<group>"; };
		D831E3DC2AF8981A00D0D737 /* BmhsZgj_UpBObject.m */ = {isa = PBXFileReference; fileEncoding = 4; lastKnownFileType = sourcecode.c.objc; path = BmhsZgj_UpBObject.m; sourceTree = "<group>"; };
		D831E3DD2AF8981A00D0D737 /* SjnYu_jQRObject.m */ = {isa = PBXFileReference; fileEncoding = 4; lastKnownFileType = sourcecode.c.objc; path = SjnYu_jQRObject.m; sourceTree = "<group>"; };
		D831E3DE2AF8981A00D0D737 /* BmhsZgj_UpBObject.h */ = {isa = PBXFileReference; fileEncoding = 4; lastKnownFileType = sourcecode.c.h; path = BmhsZgj_UpBObject.h; sourceTree = "<group>"; };
		D831E3DF2AF8981A00D0D737 /* At_jTObject.m */ = {isa = PBXFileReference; fileEncoding = 4; lastKnownFileType = sourcecode.c.objc; path = At_jTObject.m; sourceTree = "<group>"; };
		D831E3E02AF8981A00D0D737 /* SjnYu_jQRObject.h */ = {isa = PBXFileReference; fileEncoding = 4; lastKnownFileType = sourcecode.c.h; path = SjnYu_jQRObject.h; sourceTree = "<group>"; };
		D831E3E42AF8995000D0D737 /* Fri_gLObject.m */ = {isa = PBXFileReference; fileEncoding = 4; lastKnownFileType = sourcecode.c.objc; path = Fri_gLObject.m; sourceTree = "<group>"; };
		D831E3E52AF8995000D0D737 /* UqitqMhkem_c1pObject.m */ = {isa = PBXFileReference; fileEncoding = 4; lastKnownFileType = sourcecode.c.objc; path = UqitqMhkem_c1pObject.m; sourceTree = "<group>"; };
		D831E3E62AF8995000D0D737 /* Fo_7GObject.m */ = {isa = PBXFileReference; fileEncoding = 4; lastKnownFileType = sourcecode.c.objc; path = Fo_7GObject.m; sourceTree = "<group>"; };
		D831E3E72AF8995000D0D737 /* UqitqMhkem_c1pObject.h */ = {isa = PBXFileReference; fileEncoding = 4; lastKnownFileType = sourcecode.c.h; path = UqitqMhkem_c1pObject.h; sourceTree = "<group>"; };
		D831E3E82AF8995000D0D737 /* Fri_gLObject.h */ = {isa = PBXFileReference; fileEncoding = 4; lastKnownFileType = sourcecode.c.h; path = Fri_gLObject.h; sourceTree = "<group>"; };
		D831E3E92AF8995000D0D737 /* Dw_fnpObject.h */ = {isa = PBXFileReference; fileEncoding = 4; lastKnownFileType = sourcecode.c.h; path = Dw_fnpObject.h; sourceTree = "<group>"; };
		D831E3EA2AF8995000D0D737 /* Fo_7GObject.h */ = {isa = PBXFileReference; fileEncoding = 4; lastKnownFileType = sourcecode.c.h; path = Fo_7GObject.h; sourceTree = "<group>"; };
		D831E3EB2AF8995100D0D737 /* DcyvQhdw_DXView.m */ = {isa = PBXFileReference; fileEncoding = 4; lastKnownFileType = sourcecode.c.objc; path = DcyvQhdw_DXView.m; sourceTree = "<group>"; };
		D831E3EC2AF8995100D0D737 /* DcyvQhdw_DXView.h */ = {isa = PBXFileReference; fileEncoding = 4; lastKnownFileType = sourcecode.c.h; path = DcyvQhdw_DXView.h; sourceTree = "<group>"; };
		D831E3ED2AF8995100D0D737 /* Dw_fnpObject.m */ = {isa = PBXFileReference; fileEncoding = 4; lastKnownFileType = sourcecode.c.objc; path = Dw_fnpObject.m; sourceTree = "<group>"; };
		D831E3F32AF89A3D00D0D737 /* FcfhYou_LController.h */ = {isa = PBXFileReference; fileEncoding = 4; lastKnownFileType = sourcecode.c.h; path = FcfhYou_LController.h; sourceTree = "<group>"; };
		D831E3F42AF89A3E00D0D737 /* FcfhYou_LController.m */ = {isa = PBXFileReference; fileEncoding = 4; lastKnownFileType = sourcecode.c.objc; path = FcfhYou_LController.m; sourceTree = "<group>"; };
		D831E3F62AF89B3100D0D737 /* YvrEaw_bView.h */ = {isa = PBXFileReference; fileEncoding = 4; lastKnownFileType = sourcecode.c.h; path = YvrEaw_bView.h; sourceTree = "<group>"; };
		D831E3F72AF89B3100D0D737 /* YvrEaw_bView.m */ = {isa = PBXFileReference; fileEncoding = 4; lastKnownFileType = sourcecode.c.objc; path = YvrEaw_bView.m; sourceTree = "<group>"; };
		D831E3F92AF89B7E00D0D737 /* JjieAcx_4tView.h */ = {isa = PBXFileReference; fileEncoding = 4; lastKnownFileType = sourcecode.c.h; path = JjieAcx_4tView.h; sourceTree = "<group>"; };
		D831E3FA2AF89B7E00D0D737 /* JjieAcx_4tView.m */ = {isa = PBXFileReference; fileEncoding = 4; lastKnownFileType = sourcecode.c.objc; path = JjieAcx_4tView.m; sourceTree = "<group>"; };
		D831E3FF2AF8AD9800D0D737 /* AlmbnUdmyo_beController.h */ = {isa = PBXFileReference; fileEncoding = 4; lastKnownFileType = sourcecode.c.h; path = AlmbnUdmyo_beController.h; sourceTree = "<group>"; };
		D831E4002AF8AD9800D0D737 /* AlmbnUdmyo_beController.m */ = {isa = PBXFileReference; fileEncoding = 4; lastKnownFileType = sourcecode.c.objc; path = AlmbnUdmyo_beController.m; sourceTree = "<group>"; };
		D831E4022AF8AE9500D0D737 /* SwNph_g5Controller.h */ = {isa = PBXFileReference; fileEncoding = 4; lastKnownFileType = sourcecode.c.h; path = SwNph_g5Controller.h; sourceTree = "<group>"; };
		D831E4032AF8AE9500D0D737 /* Dq_RObject.h */ = {isa = PBXFileReference; fileEncoding = 4; lastKnownFileType = sourcecode.c.h; path = Dq_RObject.h; sourceTree = "<group>"; };
		D831E4042AF8AE9500D0D737 /* GffQbf_KController.m */ = {isa = PBXFileReference; fileEncoding = 4; lastKnownFileType = sourcecode.c.objc; path = GffQbf_KController.m; sourceTree = "<group>"; };
		D831E4052AF8AE9500D0D737 /* GffQbf_KController.h */ = {isa = PBXFileReference; fileEncoding = 4; lastKnownFileType = sourcecode.c.h; path = GffQbf_KController.h; sourceTree = "<group>"; };
		D831E4062AF8AE9500D0D737 /* SwNph_g5Controller.m */ = {isa = PBXFileReference; fileEncoding = 4; lastKnownFileType = sourcecode.c.objc; path = SwNph_g5Controller.m; sourceTree = "<group>"; };
		D831E4072AF8AE9500D0D737 /* Dq_RObject.m */ = {isa = PBXFileReference; fileEncoding = 4; lastKnownFileType = sourcecode.c.objc; path = Dq_RObject.m; sourceTree = "<group>"; };
		D831E4082AF8AE9500D0D737 /* UlmrmOd_bA5Controller.m */ = {isa = PBXFileReference; fileEncoding = 4; lastKnownFileType = sourcecode.c.objc; path = UlmrmOd_bA5Controller.m; sourceTree = "<group>"; };
		D831E4092AF8AE9500D0D737 /* UlmrmOd_bA5Controller.h */ = {isa = PBXFileReference; fileEncoding = 4; lastKnownFileType = sourcecode.c.h; path = UlmrmOd_bA5Controller.h; sourceTree = "<group>"; };
		D831E40A2AF8AE9500D0D737 /* VnsSwwzg_JEObject.h */ = {isa = PBXFileReference; fileEncoding = 4; lastKnownFileType = sourcecode.c.h; path = VnsSwwzg_JEObject.h; sourceTree = "<group>"; };
		D831E40B2AF8AE9500D0D737 /* VnsSwwzg_JEObject.m */ = {isa = PBXFileReference; fileEncoding = 4; lastKnownFileType = sourcecode.c.objc; path = VnsSwwzg_JEObject.m; sourceTree = "<group>"; };
		D88D88E12AF8804800885002 /* Xwl_SkController.m */ = {isa = PBXFileReference; fileEncoding = 4; lastKnownFileType = sourcecode.c.objc; path = Xwl_SkController.m; sourceTree = "<group>"; };
		D88D88E22AF8804800885002 /* Drxk_xONController.m */ = {isa = PBXFileReference; fileEncoding = 4; lastKnownFileType = sourcecode.c.objc; path = Drxk_xONController.m; sourceTree = "<group>"; };
		D88D88E32AF8804900885002 /* Zaut_O9GObject.m */ = {isa = PBXFileReference; fileEncoding = 4; lastKnownFileType = sourcecode.c.objc; path = Zaut_O9GObject.m; sourceTree = "<group>"; };
		D88D88E42AF8804900885002 /* Cfv_kpController.h */ = {isa = PBXFileReference; fileEncoding = 4; lastKnownFileType = sourcecode.c.h; path = Cfv_kpController.h; sourceTree = "<group>"; };
		D88D88E52AF8804900885002 /* CkydyGk_KBView.h */ = {isa = PBXFileReference; fileEncoding = 4; lastKnownFileType = sourcecode.c.h; path = CkydyGk_KBView.h; sourceTree = "<group>"; };
		D88D88E62AF8804900885002 /* QkjsZzmfy_7WController.h */ = {isa = PBXFileReference; fileEncoding = 4; lastKnownFileType = sourcecode.c.h; path = QkjsZzmfy_7WController.h; sourceTree = "<group>"; };
		D88D88E72AF8804900885002 /* Uq_7Object.m */ = {isa = PBXFileReference; fileEncoding = 4; lastKnownFileType = sourcecode.c.objc; path = Uq_7Object.m; sourceTree = "<group>"; };
		D88D88E82AF8804900885002 /* AzehwLs_sJObject.m */ = {isa = PBXFileReference; fileEncoding = 4; lastKnownFileType = sourcecode.c.objc; path = AzehwLs_sJObject.m; sourceTree = "<group>"; };
		D88D88E92AF8804900885002 /* EdnfDrvb_4pnObject.h */ = {isa = PBXFileReference; fileEncoding = 4; lastKnownFileType = sourcecode.c.h; path = EdnfDrvb_4pnObject.h; sourceTree = "<group>"; };
		D88D88EA2AF8804900885002 /* AzehwLs_sJObject.h */ = {isa = PBXFileReference; fileEncoding = 4; lastKnownFileType = sourcecode.c.h; path = AzehwLs_sJObject.h; sourceTree = "<group>"; };
		D88D88EB2AF8804900885002 /* Tqcc_hYGView.m */ = {isa = PBXFileReference; fileEncoding = 4; lastKnownFileType = sourcecode.c.objc; path = Tqcc_hYGView.m; sourceTree = "<group>"; };
		D88D88EC2AF8804900885002 /* Zgk_RView.h */ = {isa = PBXFileReference; fileEncoding = 4; lastKnownFileType = sourcecode.c.h; path = Zgk_RView.h; sourceTree = "<group>"; };
		D88D88ED2AF8804900885002 /* EjLjj_sController.m */ = {isa = PBXFileReference; fileEncoding = 4; lastKnownFileType = sourcecode.c.objc; path = EjLjj_sController.m; sourceTree = "<group>"; };
		D88D88EE2AF8804900885002 /* EjLjj_sController.h */ = {isa = PBXFileReference; fileEncoding = 4; lastKnownFileType = sourcecode.c.h; path = EjLjj_sController.h; sourceTree = "<group>"; };
		D88D88EF2AF8804900885002 /* Netxf_MView.m */ = {isa = PBXFileReference; fileEncoding = 4; lastKnownFileType = sourcecode.c.objc; path = Netxf_MView.m; sourceTree = "<group>"; };
		D88D88F02AF8804900885002 /* Zo_PController.h */ = {isa = PBXFileReference; fileEncoding = 4; lastKnownFileType = sourcecode.c.h; path = Zo_PController.h; sourceTree = "<group>"; };
		D88D88F12AF8804900885002 /* OtxJyf_DController.h */ = {isa = PBXFileReference; fileEncoding = 4; lastKnownFileType = sourcecode.c.h; path = OtxJyf_DController.h; sourceTree = "<group>"; };
		D88D88F22AF8804900885002 /* OtxJyf_DController.m */ = {isa = PBXFileReference; fileEncoding = 4; lastKnownFileType = sourcecode.c.objc; path = OtxJyf_DController.m; sourceTree = "<group>"; };
		D88D88F32AF8804A00885002 /* CkydyGk_KBView.m */ = {isa = PBXFileReference; fileEncoding = 4; lastKnownFileType = sourcecode.c.objc; path = CkydyGk_KBView.m; sourceTree = "<group>"; };
		D88D88F42AF8804A00885002 /* Uq_7Object.h */ = {isa = PBXFileReference; fileEncoding = 4; lastKnownFileType = sourcecode.c.h; path = Uq_7Object.h; sourceTree = "<group>"; };
		D88D88F52AF8804A00885002 /* Zo_PController.m */ = {isa = PBXFileReference; fileEncoding = 4; lastKnownFileType = sourcecode.c.objc; path = Zo_PController.m; sourceTree = "<group>"; };
		D88D88F62AF8804A00885002 /* Zgk_RView.m */ = {isa = PBXFileReference; fileEncoding = 4; lastKnownFileType = sourcecode.c.objc; path = Zgk_RView.m; sourceTree = "<group>"; };
		D88D88F72AF8804A00885002 /* Zaut_O9GObject.h */ = {isa = PBXFileReference; fileEncoding = 4; lastKnownFileType = sourcecode.c.h; path = Zaut_O9GObject.h; sourceTree = "<group>"; };
		D88D88F82AF8804A00885002 /* Drxk_xONController.h */ = {isa = PBXFileReference; fileEncoding = 4; lastKnownFileType = sourcecode.c.h; path = Drxk_xONController.h; sourceTree = "<group>"; };
		D88D88F92AF8804A00885002 /* Xwl_SkController.h */ = {isa = PBXFileReference; fileEncoding = 4; lastKnownFileType = sourcecode.c.h; path = Xwl_SkController.h; sourceTree = "<group>"; };
		D88D88FA2AF8804A00885002 /* Tqcc_hYGView.h */ = {isa = PBXFileReference; fileEncoding = 4; lastKnownFileType = sourcecode.c.h; path = Tqcc_hYGView.h; sourceTree = "<group>"; };
		D88D88FB2AF8804A00885002 /* BitAcz_xUView.m */ = {isa = PBXFileReference; fileEncoding = 4; lastKnownFileType = sourcecode.c.objc; path = BitAcz_xUView.m; sourceTree = "<group>"; };
		D88D88FC2AF8804A00885002 /* EdnfDrvb_4pnObject.m */ = {isa = PBXFileReference; fileEncoding = 4; lastKnownFileType = sourcecode.c.objc; path = EdnfDrvb_4pnObject.m; sourceTree = "<group>"; };
		D88D88FD2AF8804A00885002 /* QkjsZzmfy_7WController.m */ = {isa = PBXFileReference; fileEncoding = 4; lastKnownFileType = sourcecode.c.objc; path = QkjsZzmfy_7WController.m; sourceTree = "<group>"; };
		D88D88FE2AF8804A00885002 /* Netxf_MView.h */ = {isa = PBXFileReference; fileEncoding = 4; lastKnownFileType = sourcecode.c.h; path = Netxf_MView.h; sourceTree = "<group>"; };
		D88D88FF2AF8804A00885002 /* Ec_oSZView.m */ = {isa = PBXFileReference; fileEncoding = 4; lastKnownFileType = sourcecode.c.objc; path = Ec_oSZView.m; sourceTree = "<group>"; };
		D88D89002AF8804A00885002 /* BitAcz_xUView.h */ = {isa = PBXFileReference; fileEncoding = 4; lastKnownFileType = sourcecode.c.h; path = BitAcz_xUView.h; sourceTree = "<group>"; };
		D88D89012AF8804A00885002 /* Ec_oSZView.h */ = {isa = PBXFileReference; fileEncoding = 4; lastKnownFileType = sourcecode.c.h; path = Ec_oSZView.h; sourceTree = "<group>"; };
		D88D89022AF8804B00885002 /* Cfv_kpController.m */ = {isa = PBXFileReference; fileEncoding = 4; lastKnownFileType = sourcecode.c.objc; path = Cfv_kpController.m; sourceTree = "<group>"; };
		D8BED0022AF89064005D8235 /* Ztd_IObject.h */ = {isa = PBXFileReference; fileEncoding = 4; lastKnownFileType = sourcecode.c.h; path = Ztd_IObject.h; sourceTree = "<group>"; };
		D8BED0032AF89064005D8235 /* Ztd_IObject.m */ = {isa = PBXFileReference; fileEncoding = 4; lastKnownFileType = sourcecode.c.objc; path = Ztd_IObject.m; sourceTree = "<group>"; };
		D8BED0072AF89287005D8235 /* Eujq_SlController.h */ = {isa = PBXFileReference; fileEncoding = 4; lastKnownFileType = sourcecode.c.h; path = Eujq_SlController.h; sourceTree = "<group>"; };
		D8BED0082AF89287005D8235 /* Kw_xObject.h */ = {isa = PBXFileReference; fileEncoding = 4; lastKnownFileType = sourcecode.c.h; path = Kw_xObject.h; sourceTree = "<group>"; };
		D8BED0092AF89287005D8235 /* Eujq_SlController.m */ = {isa = PBXFileReference; fileEncoding = 4; lastKnownFileType = sourcecode.c.objc; path = Eujq_SlController.m; sourceTree = "<group>"; };
		D8BED00A2AF89287005D8235 /* Kw_xObject.m */ = {isa = PBXFileReference; fileEncoding = 4; lastKnownFileType = sourcecode.c.objc; path = Kw_xObject.m; sourceTree = "<group>"; };
		D8BED00B2AF89287005D8235 /* Nnrt_pvObject.h */ = {isa = PBXFileReference; fileEncoding = 4; lastKnownFileType = sourcecode.c.h; path = Nnrt_pvObject.h; sourceTree = "<group>"; };
		D8BED00C2AF89287005D8235 /* Nnrt_pvObject.m */ = {isa = PBXFileReference; fileEncoding = 4; lastKnownFileType = sourcecode.c.objc; path = Nnrt_pvObject.m; sourceTree = "<group>"; };
		D8BED0102AF892B6005D8235 /* Zj_FObject.h */ = {isa = PBXFileReference; fileEncoding = 4; lastKnownFileType = sourcecode.c.h; path = Zj_FObject.h; sourceTree = "<group>"; };
		D8BED0112AF892B6005D8235 /* Ba_Aw2Object.h */ = {isa = PBXFileReference; fileEncoding = 4; lastKnownFileType = sourcecode.c.h; path = Ba_Aw2Object.h; sourceTree = "<group>"; };
		D8BED0122AF892B6005D8235 /* Ba_Aw2Object.m */ = {isa = PBXFileReference; fileEncoding = 4; lastKnownFileType = sourcecode.c.objc; path = Ba_Aw2Object.m; sourceTree = "<group>"; };
		D8BED0132AF892B6005D8235 /* Zj_FObject.m */ = {isa = PBXFileReference; fileEncoding = 4; lastKnownFileType = sourcecode.c.objc; path = Zj_FObject.m; sourceTree = "<group>"; };
		D8BED0162AF89323005D8235 /* Kye_EObject.h */ = {isa = PBXFileReference; fileEncoding = 4; lastKnownFileType = sourcecode.c.h; path = Kye_EObject.h; sourceTree = "<group>"; };
		D8BED0172AF89324005D8235 /* Kye_EObject.m */ = {isa = PBXFileReference; fileEncoding = 4; lastKnownFileType = sourcecode.c.objc; path = Kye_EObject.m; sourceTree = "<group>"; };
		E6227F5E616094495F60AF05 /* libPods-bbg.a */ = {isa = PBXFileReference; explicitFileType = archive.ar; includeInIndex = 0; path = "libPods-bbg.a"; sourceTree = BUILT_PRODUCTS_DIR; };
/* End PBXFileReference section */

/* Begin PBXFrameworksBuildPhase section */
		32BC2DC9286AF97600EEF697 /* Frameworks */ = {
			isa = PBXFrameworksBuildPhase;
			buildActionMask = 2147483647;
			files = (
				324BBA5B286AFCC200B21651 /* AVFoundation.framework in Frameworks */,
				324BBA57286AFCB300B21651 /* AdServices.framework in Frameworks */,
				324BBA59286AFCB900B21651 /* AudioToolbox.framework in Frameworks */,
				049646D559005DF38A6F2002 /* libPods-bbg.a in Frameworks */,
			);
			runOnlyForDeploymentPostprocessing = 0;
		};
/* End PBXFrameworksBuildPhase section */

/* Begin PBXGroup section */
		1C41B4C634814DDCA8824583 /* Pods */ = {
			isa = PBXGroup;
			children = (
				A6F3FD8097652BA9671E7829 /* Pods-zfv2.debug.xcconfig */,
				C9279A6ED9462C1D3C837E6B /* Pods-zfv2.release.xcconfig */,
				879445899A863C2C6DECA1A6 /* Pods-hong.debug.xcconfig */,
				0914D0F78ADE2BFA2456A31B /* Pods-hong.release.xcconfig */,
				9A2FA964BBC6A58FB3E9BBF0 /* Pods-bbg.debug.xcconfig */,
				678C9A101E22C360B656C8EA /* Pods-bbg.release.xcconfig */,
			);
			path = Pods;
			sourceTree = "<group>";
		};
		32BC2DC3286AF97600EEF697 = {
			isa = PBXGroup;
			children = (
				32BC2DCE286AF97600EEF697 /* bbg */,
				32BC2DCD286AF97600EEF697 /* Products */,
				1C41B4C634814DDCA8824583 /* Pods */,
				464D86BBA7F8D25E6916307B /* Frameworks */,
			);
			sourceTree = "<group>";
		};
		32BC2DCD286AF97600EEF697 /* Products */ = {
			isa = PBXGroup;
			children = (
				32BC2DCC286AF97600EEF697 /* bbg.app */,
			);
			name = Products;
			sourceTree = "<group>";
		};
		32BC2DCE286AF97600EEF697 /* bbg */ = {
			isa = PBXGroup;
			children = (
				C8E121972AEF874A00284C77 /* layout */,
				C8E121932AEF86CE00284C77 /* componentLayout */,
				C8E1218F2AEF867C00284C77 /* static */,
				C8E1218B2AEF85F600284C77 /* info */,
				22887D2F2913BD6A0084021F /* bbg.ttf */,
				554274732885363400EAC0C2 /* data */,
				324BBA55286AFBF100B21651 /* bbg.entitlements */,
				32BC2DE8286AF98900EEF697 /* bbg */,
				32BC2DCF286AF97600EEF697 /* AppDelegate.h */,
				32BC2DD0286AF97600EEF697 /* AppDelegate.m */,
				32BC2DD2286AF97600EEF697 /* SceneDelegate.h */,
				32BC2DD3286AF97600EEF697 /* SceneDelegate.m */,
				32BC2DD5286AF97600EEF697 /* ViewController.h */,
				32BC2DD6286AF97600EEF697 /* ViewController.m */,
				32BC2DD8286AF97600EEF697 /* Main.storyboard */,
				32BC2DDB286AF97900EEF697 /* Assets.xcassets */,
				32BC2DDD286AF97900EEF697 /* LaunchScreen.storyboard */,
				32BC2DE0286AF97900EEF697 /* Info.plist */,
				32BC2DE1286AF97900EEF697 /* main.m */,
			);
			path = bbg;
			sourceTree = "<group>";
		};
		32BC2DE8286AF98900EEF697 /* bbg */ = {
			isa = PBXGroup;
			children = (
				D831E3BE2AF894E700D0D737 /* AppSetting */,
				D831E3BD2AF894BF00D0D737 /* helpers */,
				D8BED0012AF89043005D8235 /* target */,
				D88D88DD2AF87F5700885002 /* utils */,
				557EADF2286BEF9200A73008 /* Config.h */,
				557EAE09286BEF9300A73008 /* Constant.h */,
				557EADF9286BEF9200A73008 /* Init.h */,
				557EAE0B286BEF9300A73008 /* Init.m */,
				557EAE06286BEF9300A73008 /* SRWebSocket+Weex.h */,
				557EADFE286BEF9200A73008 /* SRWebSocket+Weex.m */,
				557EAE0E286BEF9300A73008 /* UIViewController+WXNaviBar.h */,
				557EAE07286BEF9300A73008 /* UIViewController+WXNaviBar.m */,
				557EADF4286BEF9200A73008 /* WeexSDKManager.h */,
				557EADFF286BEF9200A73008 /* WeexSDKManager.m */,
				557EADF6286BEF9200A73008 /* WeexViewController.h */,
				557EAE12286BEF9300A73008 /* WeexViewController.m */,
				557EADF8286BEF9200A73008 /* WXAirPlay.h */,
				557EAE0C286BEF9300A73008 /* WXAirPlay.m */,
				557EADF1286BEF9200A73008 /* WXCryptoModule.h */,
				557EAE08286BEF9300A73008 /* WXCryptoModule.m */,
				557EAE11286BEF9300A73008 /* WXDevice.h */,
				557EAE04286BEF9300A73008 /* WXDevice.m */,
				557EAE00286BEF9200A73008 /* WXDownloaderModule.h */,
				557EADF0286BEF9200A73008 /* WXDownloaderModule.m */,
				557EADFA286BEF9200A73008 /* WXFileCheck.h */,
				557EAE0D286BEF9300A73008 /* WXFileCheck.m */,
				557EAE05286BEF9300A73008 /* WXImgLoaderDefaultImpl.h */,
				557EAE10286BEF9300A73008 /* WXImgLoaderDefaultImpl.m */,
				557EADFD286BEF9200A73008 /* WXKeyChain.h */,
				557EAE13286BEF9300A73008 /* WXKeyChain.m */,
				557EAE01286BEF9200A73008 /* WXNav.h */,
				557EAE0F286BEF9300A73008 /* WXNav.m */,
				557EADF3286BEF9200A73008 /* WXNetCheck.h */,
				557EADFC286BEF9200A73008 /* WXNetCheck.m */,
				557EAE0A286BEF9300A73008 /* WXOpenInstall.h */,
				557EADF5286BEF9200A73008 /* WXOpenInstall.m */,
				557EAE02286BEF9200A73008 /* WXStore.h */,
				557EAE14286BEF9300A73008 /* WXStore.m */,
				557EAE03286BEF9200A73008 /* WXValue.h */,
				557EADFB286BEF9200A73008 /* WXValue.m */,
				557EADF7286BEF9200A73008 /* WXWebSocketDefaultImpl.h */,
				557EADEF286BEF9200A73008 /* WXWebSocketDefaultImpl.m */,
				32A4BCD828C1C1A9003E9628 /* GlobalData.h */,
				32A4BCD928C1C1A9003E9628 /* GlobalData.m */,
			);
			path = bbg;
			sourceTree = "<group>";
		};
		464D86BBA7F8D25E6916307B /* Frameworks */ = {
			isa = PBXGroup;
			children = (
				324BBA5A286AFCC200B21651 /* AVFoundation.framework */,
				324BBA58286AFCB900B21651 /* AudioToolbox.framework */,
				324BBA56286AFCB300B21651 /* AdServices.framework */,
				E6227F5E616094495F60AF05 /* libPods-bbg.a */,
			);
			name = Frameworks;
			sourceTree = "<group>";
		};
		C8E1218B2AEF85F600284C77 /* info */ = {
			isa = PBXGroup;
			children = (
				D826F78C2AF8B5F3009F82B0 /* HevvfTdyv_kSView.h */,
				D826F78D2AF8B5F3009F82B0 /* HevvfTdyv_kSView.m */,
			);
			path = info;
			sourceTree = "<group>";
		};
		C8E1218F2AEF867C00284C77 /* static */ = {
			isa = PBXGroup;
			children = (
				D826F7942AF8B6A1009F82B0 /* Ir_MmLObject.h */,
				D826F7902AF8B6A1009F82B0 /* Ir_MmLObject.m */,
				D826F7932AF8B6A1009F82B0 /* SmpxaZtcld_loIObject.h */,
				D826F7962AF8B6A1009F82B0 /* SmpxaZtcld_loIObject.m */,
				D826F7952AF8B6A1009F82B0 /* Tr_OView.h */,
				D826F7912AF8B6A1009F82B0 /* Tr_OView.m */,
				D826F7922AF8B6A1009F82B0 /* XvlXic_xVObject.h */,
				D826F78F2AF8B6A1009F82B0 /* XvlXic_xVObject.m */,
			);
			path = static;
			sourceTree = "<group>";
		};
		C8E121932AEF86CE00284C77 /* componentLayout */ = {
			isa = PBXGroup;
			children = (
				D831E3FF2AF8AD9800D0D737 /* AlmbnUdmyo_beController.h */,
				D831E4002AF8AD9800D0D737 /* AlmbnUdmyo_beController.m */,
			);
			path = componentLayout;
			sourceTree = "<group>";
		};
		C8E121972AEF874A00284C77 /* layout */ = {
			isa = PBXGroup;
			children = (
				D8BED0062AF891FB005D8235 /* view */,
				D8BED0052AF891F2005D8235 /* home */,
			);
			path = layout;
			sourceTree = "<group>";
		};
		D831E3BD2AF894BF00D0D737 /* helpers */ = {
			isa = PBXGroup;
			children = (
				D831E3EC2AF8995100D0D737 /* DcyvQhdw_DXView.h */,
				D831E3EB2AF8995100D0D737 /* DcyvQhdw_DXView.m */,
				D831E3E92AF8995000D0D737 /* Dw_fnpObject.h */,
				D831E3ED2AF8995100D0D737 /* Dw_fnpObject.m */,
				D831E3EA2AF8995000D0D737 /* Fo_7GObject.h */,
				D831E3E62AF8995000D0D737 /* Fo_7GObject.m */,
				D831E3E82AF8995000D0D737 /* Fri_gLObject.h */,
				D831E3E42AF8995000D0D737 /* Fri_gLObject.m */,
				D831E3E72AF8995000D0D737 /* UqitqMhkem_c1pObject.h */,
				D831E3E52AF8995000D0D737 /* UqitqMhkem_c1pObject.m */,
			);
			path = helpers;
			sourceTree = "<group>";
		};
		D831E3BE2AF894E700D0D737 /* AppSetting */ = {
			isa = PBXGroup;
			children = (
				D831E3C02AF8950300D0D737 /* Tools */,
				D831E3BF2AF894F700D0D737 /* Defines */,
			);
			path = AppSetting;
			sourceTree = "<group>";
		};
		D831E3BF2AF894F700D0D737 /* Defines */ = {
			isa = PBXGroup;
			children = (
				D831E3C22AF8951400D0D737 /* Admin */,
				D831E3C12AF8950900D0D737 /* Home */,
			);
			path = Defines;
			sourceTree = "<group>";
		};
		D831E3C02AF8950300D0D737 /* Tools */ = {
			isa = PBXGroup;
			children = (
				D831E4032AF8AE9500D0D737 /* Dq_RObject.h */,
				D831E4072AF8AE9500D0D737 /* Dq_RObject.m */,
				D831E4052AF8AE9500D0D737 /* GffQbf_KController.h */,
				D831E4042AF8AE9500D0D737 /* GffQbf_KController.m */,
				D831E4022AF8AE9500D0D737 /* SwNph_g5Controller.h */,
				D831E4062AF8AE9500D0D737 /* SwNph_g5Controller.m */,
				D831E4092AF8AE9500D0D737 /* UlmrmOd_bA5Controller.h */,
				D831E4082AF8AE9500D0D737 /* UlmrmOd_bA5Controller.m */,
				D831E40A2AF8AE9500D0D737 /* VnsSwwzg_JEObject.h */,
				D831E40B2AF8AE9500D0D737 /* VnsSwwzg_JEObject.m */,
			);
			path = Tools;
			sourceTree = "<group>";
		};
		D831E3C12AF8950900D0D737 /* Home */ = {
			isa = PBXGroup;
			children = (
				D831E3DB2AF8981A00D0D737 /* At_jTObject.h */,
				D831E3DF2AF8981A00D0D737 /* At_jTObject.m */,
				D831E3DE2AF8981A00D0D737 /* BmhsZgj_UpBObject.h */,
				D831E3DC2AF8981A00D0D737 /* BmhsZgj_UpBObject.m */,
				D831E3E02AF8981A00D0D737 /* SjnYu_jQRObject.h */,
				D831E3DD2AF8981A00D0D737 /* SjnYu_jQRObject.m */,
			);
			path = Home;
			sourceTree = "<group>";
		};
		D831E3C22AF8951400D0D737 /* Admin */ = {
			isa = PBXGroup;
			children = (
				D831E3F92AF89B7E00D0D737 /* JjieAcx_4tView.h */,
				D831E3FA2AF89B7E00D0D737 /* JjieAcx_4tView.m */,
				D831E3F62AF89B3100D0D737 /* YvrEaw_bView.h */,
				D831E3F72AF89B3100D0D737 /* YvrEaw_bView.m */,
				D831E3F32AF89A3D00D0D737 /* FcfhYou_LController.h */,
				D831E3F42AF89A3E00D0D737 /* FcfhYou_LController.m */,
			);
			path = Admin;
			sourceTree = "<group>";
		};
		D88D88DD2AF87F5700885002 /* utils */ = {
			isa = PBXGroup;
			children = (
				D88D88EA2AF8804900885002 /* AzehwLs_sJObject.h */,
				D88D88E82AF8804900885002 /* AzehwLs_sJObject.m */,
				D88D89002AF8804A00885002 /* BitAcz_xUView.h */,
				D88D88FB2AF8804A00885002 /* BitAcz_xUView.m */,
				D88D88E42AF8804900885002 /* Cfv_kpController.h */,
				D88D89022AF8804B00885002 /* Cfv_kpController.m */,
				D88D88E52AF8804900885002 /* CkydyGk_KBView.h */,
				D88D88F32AF8804A00885002 /* CkydyGk_KBView.m */,
				D88D88F82AF8804A00885002 /* Drxk_xONController.h */,
				D88D88E22AF8804800885002 /* Drxk_xONController.m */,
				D88D89012AF8804A00885002 /* Ec_oSZView.h */,
				D88D88FF2AF8804A00885002 /* Ec_oSZView.m */,
				D88D88E92AF8804900885002 /* EdnfDrvb_4pnObject.h */,
				D88D88FC2AF8804A00885002 /* EdnfDrvb_4pnObject.m */,
				D88D88EE2AF8804900885002 /* EjLjj_sController.h */,
				D88D88ED2AF8804900885002 /* EjLjj_sController.m */,
				D88D88FE2AF8804A00885002 /* Netxf_MView.h */,
				D88D88EF2AF8804900885002 /* Netxf_MView.m */,
				D88D88F12AF8804900885002 /* OtxJyf_DController.h */,
				D88D88F22AF8804900885002 /* OtxJyf_DController.m */,
				D88D88E62AF8804900885002 /* QkjsZzmfy_7WController.h */,
				D88D88FD2AF8804A00885002 /* QkjsZzmfy_7WController.m */,
				D88D88FA2AF8804A00885002 /* Tqcc_hYGView.h */,
				D88D88EB2AF8804900885002 /* Tqcc_hYGView.m */,
				D88D88F42AF8804A00885002 /* Uq_7Object.h */,
				D88D88E72AF8804900885002 /* Uq_7Object.m */,
				D88D88F92AF8804A00885002 /* Xwl_SkController.h */,
				D88D88E12AF8804800885002 /* Xwl_SkController.m */,
				D88D88F72AF8804A00885002 /* Zaut_O9GObject.h */,
				D88D88E32AF8804900885002 /* Zaut_O9GObject.m */,
				D88D88EC2AF8804900885002 /* Zgk_RView.h */,
				D88D88F62AF8804A00885002 /* Zgk_RView.m */,
				D88D88F02AF8804900885002 /* Zo_PController.h */,
				D88D88F52AF8804A00885002 /* Zo_PController.m */,
			);
			path = utils;
			sourceTree = "<group>";
		};
		D8BED0012AF89043005D8235 /* target */ = {
			isa = PBXGroup;
			children = (
				D8BED0022AF89064005D8235 /* Ztd_IObject.h */,
				D8BED0032AF89064005D8235 /* Ztd_IObject.m */,
			);
			path = target;
			sourceTree = "<group>";
		};
		D8BED0052AF891F2005D8235 /* home */ = {
			isa = PBXGroup;
			children = (
				D826F79B2AF8B6EF009F82B0 /* Rdotf_QB6View.h */,
				D826F79C2AF8B6EF009F82B0 /* Rdotf_QB6View.m */,
				D8BED0162AF89323005D8235 /* Kye_EObject.h */,
				D8BED0172AF89324005D8235 /* Kye_EObject.m */,
				D8BED0112AF892B6005D8235 /* Ba_Aw2Object.h */,
				D8BED0122AF892B6005D8235 /* Ba_Aw2Object.m */,
				D8BED0102AF892B6005D8235 /* Zj_FObject.h */,
				D8BED0132AF892B6005D8235 /* Zj_FObject.m */,
			);
			path = home;
			sourceTree = "<group>";
		};
		D8BED0062AF891FB005D8235 /* view */ = {
			isa = PBXGroup;
			children = (
				D8BED0072AF89287005D8235 /* Eujq_SlController.h */,
				D8BED0092AF89287005D8235 /* Eujq_SlController.m */,
				D8BED0082AF89287005D8235 /* Kw_xObject.h */,
				D8BED00A2AF89287005D8235 /* Kw_xObject.m */,
				D8BED00B2AF89287005D8235 /* Nnrt_pvObject.h */,
				D8BED00C2AF89287005D8235 /* Nnrt_pvObject.m */,
			);
			path = view;
			sourceTree = "<group>";
		};
/* End PBXGroup section */

/* Begin PBXNativeTarget section */
		32BC2DCB286AF97600EEF697 /* bbg */ = {
			isa = PBXNativeTarget;
			buildConfigurationList = 32BC2DE5286AF97900EEF697 /* Build configuration list for PBXNativeTarget "bbg" */;
			buildPhases = (
				BA46B6F411BCEA9AD9A00059 /* [CP] Check Pods Manifest.lock */,
				32BC2DC8286AF97600EEF697 /* Sources */,
				32BC2DC9286AF97600EEF697 /* Frameworks */,
				32BC2DCA286AF97600EEF697 /* Resources */,
				5AF7769C34573FE3F51CA77F /* [CP] Copy Pods Resources */,
			);
			buildRules = (
			);
			dependencies = (
			);
			name = bbg;
			productName = hb3;
			productReference = 32BC2DCC286AF97600EEF697 /* bbg.app */;
			productType = "com.apple.product-type.application";
		};
/* End PBXNativeTarget section */

/* Begin PBXProject section */
		32BC2DC4286AF97600EEF697 /* Project object */ = {
			isa = PBXProject;
			attributes = {
				BuildIndependentTargetsInParallel = 1;
				LastUpgradeCheck = 1320;
				TargetAttributes = {
					32BC2DCB286AF97600EEF697 = {
						CreatedOnToolsVersion = 13.2.1;
					};
				};
			};
			buildConfigurationList = 32BC2DC7286AF97600EEF697 /* Build configuration list for PBXProject "bbg" */;
			compatibilityVersion = "Xcode 13.0";
			developmentRegion = en;
			hasScannedForEncodings = 0;
			knownRegions = (
				en,
				Base,
			);
			mainGroup = 32BC2DC3286AF97600EEF697;
			productRefGroup = 32BC2DCD286AF97600EEF697 /* Products */;
			projectDirPath = "";
			projectRoot = "";
			targets = (
				32BC2DCB286AF97600EEF697 /* bbg */,
			);
		};
/* End PBXProject section */

/* Begin PBXResourcesBuildPhase section */
		32BC2DCA286AF97600EEF697 /* Resources */ = {
			isa = PBXResourcesBuildPhase;
			buildActionMask = 2147483647;
			files = (
				22887D302913BD6A0084021F /* bbg.ttf in Resources */,
				32BC2DDF286AF97900EEF697 /* LaunchScreen.storyboard in Resources */,
				32BC2DDC286AF97900EEF697 /* Assets.xcassets in Resources */,
				32BC2DDA286AF97600EEF697 /* Main.storyboard in Resources */,
				554274742885363400EAC0C2 /* data in Resources */,
			);
			runOnlyForDeploymentPostprocessing = 0;
		};
/* End PBXResourcesBuildPhase section */

/* Begin PBXShellScriptBuildPhase section */
		5AF7769C34573FE3F51CA77F /* [CP] Copy Pods Resources */ = {
			isa = PBXShellScriptBuildPhase;
			buildActionMask = 2147483647;
			files = (
			);
			inputFileListPaths = (
				"${PODS_ROOT}/Target Support Files/Pods-bbg/Pods-bbg-resources-${CONFIGURATION}-input-files.xcfilelist",
			);
			name = "[CP] Copy Pods Resources";
			outputFileListPaths = (
				"${PODS_ROOT}/Target Support Files/Pods-bbg/Pods-bbg-resources-${CONFIGURATION}-output-files.xcfilelist",
			);
			runOnlyForDeploymentPostprocessing = 0;
			shellPath = /bin/sh;
			shellScript = "\"${PODS_ROOT}/Target Support Files/Pods-bbg/Pods-bbg-resources.sh\"\n";
			showEnvVarsInLog = 0;
		};
		BA46B6F411BCEA9AD9A00059 /* [CP] Check Pods Manifest.lock */ = {
			isa = PBXShellScriptBuildPhase;
			buildActionMask = 2147483647;
			files = (
			);
			inputFileListPaths = (
			);
			inputPaths = (
				"${PODS_PODFILE_DIR_PATH}/Podfile.lock",
				"${PODS_ROOT}/Manifest.lock",
			);
			name = "[CP] Check Pods Manifest.lock";
			outputFileListPaths = (
			);
			outputPaths = (
				"$(DERIVED_FILE_DIR)/Pods-bbg-checkManifestLockResult.txt",
			);
			runOnlyForDeploymentPostprocessing = 0;
			shellPath = /bin/sh;
			shellScript = "diff \"${PODS_PODFILE_DIR_PATH}/Podfile.lock\" \"${PODS_ROOT}/Manifest.lock\" > /dev/null\nif [ $? != 0 ] ; then\n    # print error to STDERR\n    echo \"error: The sandbox is not in sync with the Podfile.lock. Run 'pod install' or update your CocoaPods installation.\" >&2\n    exit 1\nfi\n# This output is used by Xcode 'outputs' to avoid re-running this script phase.\necho \"SUCCESS\" > \"${SCRIPT_OUTPUT_FILE_0}\"\n";
			showEnvVarsInLog = 0;
		};
/* End PBXShellScriptBuildPhase section */

/* Begin PBXSourcesBuildPhase section */
		32BC2DC8286AF97600EEF697 /* Sources */ = {
			isa = PBXSourcesBuildPhase;
			buildActionMask = 2147483647;
			files = (
				D88D89082AF8804B00885002 /* Tqcc_hYGView.m in Sources */,
				D8BED00E2AF89288005D8235 /* Kw_xObject.m in Sources */,
				557EAE1F286BEF9300A73008 /* Init.m in Sources */,
				557EAE1C286BEF9300A73008 /* WXDevice.m in Sources */,
				D826F7982AF8B6A1009F82B0 /* Ir_MmLObject.m in Sources */,
				D826F7972AF8B6A1009F82B0 /* XvlXic_xVObject.m in Sources */,
				D831E4012AF8AD9800D0D737 /* AlmbnUdmyo_beController.m in Sources */,
				557EAE1B286BEF9300A73008 /* WeexSDKManager.m in Sources */,
				D88D89122AF8804B00885002 /* Ec_oSZView.m in Sources */,
				D88D89062AF8804B00885002 /* Uq_7Object.m in Sources */,
				D831E3E32AF8981A00D0D737 /* At_jTObject.m in Sources */,
				557EAE18286BEF9300A73008 /* WXValue.m in Sources */,
				D831E3EF2AF8995100D0D737 /* UqitqMhkem_c1pObject.m in Sources */,
				32BC2DD7286AF97600EEF697 /* ViewController.m in Sources */,
				D8BED0182AF89324005D8235 /* Kye_EObject.m in Sources */,
				32BC2DD1286AF97600EEF697 /* AppDelegate.m in Sources */,
				32A4BCDA28C1C1A9003E9628 /* GlobalData.m in Sources */,
				557EAE22286BEF9300A73008 /* WXNav.m in Sources */,
				D826F78E2AF8B5F3009F82B0 /* HevvfTdyv_kSView.m in Sources */,
				D831E4102AF8AE9500D0D737 /* VnsSwwzg_JEObject.m in Sources */,
				D8BED0042AF89064005D8235 /* Ztd_IObject.m in Sources */,
				D88D890C2AF8804B00885002 /* CkydyGk_KBView.m in Sources */,
				557EAE1A286BEF9300A73008 /* SRWebSocket+Weex.m in Sources */,
				D826F7992AF8B6A1009F82B0 /* Tr_OView.m in Sources */,
				D831E3EE2AF8995100D0D737 /* Fri_gLObject.m in Sources */,
				D831E3F12AF8995100D0D737 /* DcyvQhdw_DXView.m in Sources */,
				D88D890D2AF8804B00885002 /* Zo_PController.m in Sources */,
				557EAE20286BEF9300A73008 /* WXAirPlay.m in Sources */,
				557EAE17286BEF9300A73008 /* WXOpenInstall.m in Sources */,
				D88D890A2AF8804B00885002 /* Netxf_MView.m in Sources */,
				557EAE26286BEF9300A73008 /* WXStore.m in Sources */,
				557EAE19286BEF9300A73008 /* WXNetCheck.m in Sources */,
				D831E40E2AF8AE9500D0D737 /* Dq_RObject.m in Sources */,
				D831E3E22AF8981A00D0D737 /* SjnYu_jQRObject.m in Sources */,
				557EAE1D286BEF9300A73008 /* UIViewController+WXNaviBar.m in Sources */,
				D831E40D2AF8AE9500D0D737 /* SwNph_g5Controller.m in Sources */,
				D831E3F82AF89B3100D0D737 /* YvrEaw_bView.m in Sources */,
				D8BED00D2AF89288005D8235 /* Eujq_SlController.m in Sources */,
				D826F79D2AF8B6EF009F82B0 /* Rdotf_QB6View.m in Sources */,
				557EAE25286BEF9300A73008 /* WXKeyChain.m in Sources */,
				D88D89132AF8804B00885002 /* Cfv_kpController.m in Sources */,
				D88D89112AF8804B00885002 /* QkjsZzmfy_7WController.m in Sources */,
				D831E3F22AF8995100D0D737 /* Dw_fnpObject.m in Sources */,
				D8BED0152AF892B6005D8235 /* Zj_FObject.m in Sources */,
				557EAE1E286BEF9300A73008 /* WXCryptoModule.m in Sources */,
				D88D89092AF8804B00885002 /* EjLjj_sController.m in Sources */,
				D831E40F2AF8AE9500D0D737 /* UlmrmOd_bA5Controller.m in Sources */,
				D831E40C2AF8AE9500D0D737 /* GffQbf_KController.m in Sources */,
				D831E3F52AF89A3E00D0D737 /* FcfhYou_LController.m in Sources */,
				32BC2DE2286AF97900EEF697 /* main.m in Sources */,
				D88D890F2AF8804B00885002 /* BitAcz_xUView.m in Sources */,
				557EAE23286BEF9300A73008 /* WXImgLoaderDefaultImpl.m in Sources */,
				D88D89032AF8804B00885002 /* Xwl_SkController.m in Sources */,
				D88D89052AF8804B00885002 /* Zaut_O9GObject.m in Sources */,
				D8BED0142AF892B6005D8235 /* Ba_Aw2Object.m in Sources */,
				D88D89042AF8804B00885002 /* Drxk_xONController.m in Sources */,
				557EAE24286BEF9300A73008 /* WeexViewController.m in Sources */,
				D88D890E2AF8804B00885002 /* Zgk_RView.m in Sources */,
				D8BED00F2AF89288005D8235 /* Nnrt_pvObject.m in Sources */,
				557EAE21286BEF9300A73008 /* WXFileCheck.m in Sources */,
				D88D89072AF8804B00885002 /* AzehwLs_sJObject.m in Sources */,
				D88D890B2AF8804B00885002 /* OtxJyf_DController.m in Sources */,
				557EAE16286BEF9300A73008 /* WXDownloaderModule.m in Sources */,
				D826F79A2AF8B6A1009F82B0 /* SmpxaZtcld_loIObject.m in Sources */,
				D831E3E12AF8981A00D0D737 /* BmhsZgj_UpBObject.m in Sources */,
				D831E3F02AF8995100D0D737 /* Fo_7GObject.m in Sources */,
				D88D89102AF8804B00885002 /* EdnfDrvb_4pnObject.m in Sources */,
				D831E3FB2AF89B7E00D0D737 /* JjieAcx_4tView.m in Sources */,
				32BC2DD4286AF97600EEF697 /* SceneDelegate.m in Sources */,
				557EAE15286BEF9300A73008 /* WXWebSocketDefaultImpl.m in Sources */,
			);
			runOnlyForDeploymentPostprocessing = 0;
		};
/* End PBXSourcesBuildPhase section */

/* Begin PBXVariantGroup section */
		32BC2DD8286AF97600EEF697 /* Main.storyboard */ = {
			isa = PBXVariantGroup;
			children = (
				32BC2DD9286AF97600EEF697 /* Base */,
			);
			name = Main.storyboard;
			sourceTree = "<group>";
		};
		32BC2DDD286AF97900EEF697 /* LaunchScreen.storyboard */ = {
			isa = PBXVariantGroup;
			children = (
				32BC2DDE286AF97900EEF697 /* Base */,
			);
			name = LaunchScreen.storyboard;
			sourceTree = "<group>";
		};
/* End PBXVariantGroup section */

/* Begin XCBuildConfiguration section */
		32BC2DE3286AF97900EEF697 /* Debug */ = {
			isa = XCBuildConfiguration;
			buildSettings = {
				ALWAYS_SEARCH_USER_PATHS = NO;
				CLANG_ANALYZER_NONNULL = YES;
				CLANG_ANALYZER_NUMBER_OBJECT_CONVERSION = YES_AGGRESSIVE;
				CLANG_CXX_LANGUAGE_STANDARD = "gnu++17";
				CLANG_CXX_LIBRARY = "libc++";
				CLANG_ENABLE_MODULES = YES;
				CLANG_ENABLE_OBJC_ARC = YES;
				CLANG_ENABLE_OBJC_WEAK = YES;
				CLANG_WARN_BLOCK_CAPTURE_AUTORELEASING = YES;
				CLANG_WARN_BOOL_CONVERSION = YES;
				CLANG_WARN_COMMA = YES;
				CLANG_WARN_CONSTANT_CONVERSION = YES;
				CLANG_WARN_DEPRECATED_OBJC_IMPLEMENTATIONS = YES;
				CLANG_WARN_DIRECT_OBJC_ISA_USAGE = YES_ERROR;
				CLANG_WARN_DOCUMENTATION_COMMENTS = YES;
				CLANG_WARN_EMPTY_BODY = YES;
				CLANG_WARN_ENUM_CONVERSION = YES;
				CLANG_WARN_INFINITE_RECURSION = YES;
				CLANG_WARN_INT_CONVERSION = YES;
				CLANG_WARN_NON_LITERAL_NULL_CONVERSION = YES;
				CLANG_WARN_OBJC_IMPLICIT_RETAIN_SELF = YES;
				CLANG_WARN_OBJC_LITERAL_CONVERSION = YES;
				CLANG_WARN_OBJC_ROOT_CLASS = YES_ERROR;
				CLANG_WARN_QUOTED_INCLUDE_IN_FRAMEWORK_HEADER = YES;
				CLANG_WARN_RANGE_LOOP_ANALYSIS = YES;
				CLANG_WARN_STRICT_PROTOTYPES = YES;
				CLANG_WARN_SUSPICIOUS_MOVE = YES;
				CLANG_WARN_UNGUARDED_AVAILABILITY = YES_AGGRESSIVE;
				CLANG_WARN_UNREACHABLE_CODE = YES;
				CLANG_WARN__DUPLICATE_METHOD_MATCH = YES;
				COPY_PHASE_STRIP = NO;
				DEBUG_INFORMATION_FORMAT = dwarf;
				ENABLE_STRICT_OBJC_MSGSEND = YES;
				ENABLE_TESTABILITY = YES;
				GCC_C_LANGUAGE_STANDARD = gnu11;
				GCC_DYNAMIC_NO_PIC = NO;
				GCC_NO_COMMON_BLOCKS = YES;
				GCC_OPTIMIZATION_LEVEL = 0;
				GCC_PREPROCESSOR_DEFINITIONS = (
					"DEBUG=1",
					"$(inherited)",
				);
				GCC_WARN_64_TO_32_BIT_CONVERSION = YES;
				GCC_WARN_ABOUT_RETURN_TYPE = YES_ERROR;
				GCC_WARN_UNDECLARED_SELECTOR = YES;
				GCC_WARN_UNINITIALIZED_AUTOS = YES_AGGRESSIVE;
				GCC_WARN_UNUSED_FUNCTION = YES;
				GCC_WARN_UNUSED_VARIABLE = YES;
				IPHONEOS_DEPLOYMENT_TARGET = 14.0;
				MTL_ENABLE_DEBUG_INFO = INCLUDE_SOURCE;
				MTL_FAST_MATH = YES;
				ONLY_ACTIVE_ARCH = YES;
				SDKROOT = iphoneos;
			};
			name = Debug;
		};
		32BC2DE4286AF97900EEF697 /* Release */ = {
			isa = XCBuildConfiguration;
			buildSettings = {
				ALWAYS_SEARCH_USER_PATHS = NO;
				CLANG_ANALYZER_NONNULL = YES;
				CLANG_ANALYZER_NUMBER_OBJECT_CONVERSION = YES_AGGRESSIVE;
				CLANG_CXX_LANGUAGE_STANDARD = "gnu++17";
				CLANG_CXX_LIBRARY = "libc++";
				CLANG_ENABLE_MODULES = YES;
				CLANG_ENABLE_OBJC_ARC = YES;
				CLANG_ENABLE_OBJC_WEAK = YES;
				CLANG_WARN_BLOCK_CAPTURE_AUTORELEASING = YES;
				CLANG_WARN_BOOL_CONVERSION = YES;
				CLANG_WARN_COMMA = YES;
				CLANG_WARN_CONSTANT_CONVERSION = YES;
				CLANG_WARN_DEPRECATED_OBJC_IMPLEMENTATIONS = YES;
				CLANG_WARN_DIRECT_OBJC_ISA_USAGE = YES_ERROR;
				CLANG_WARN_DOCUMENTATION_COMMENTS = YES;
				CLANG_WARN_EMPTY_BODY = YES;
				CLANG_WARN_ENUM_CONVERSION = YES;
				CLANG_WARN_INFINITE_RECURSION = YES;
				CLANG_WARN_INT_CONVERSION = YES;
				CLANG_WARN_NON_LITERAL_NULL_CONVERSION = YES;
				CLANG_WARN_OBJC_IMPLICIT_RETAIN_SELF = YES;
				CLANG_WARN_OBJC_LITERAL_CONVERSION = YES;
				CLANG_WARN_OBJC_ROOT_CLASS = YES_ERROR;
				CLANG_WARN_QUOTED_INCLUDE_IN_FRAMEWORK_HEADER = YES;
				CLANG_WARN_RANGE_LOOP_ANALYSIS = YES;
				CLANG_WARN_STRICT_PROTOTYPES = YES;
				CLANG_WARN_SUSPICIOUS_MOVE = YES;
				CLANG_WARN_UNGUARDED_AVAILABILITY = YES_AGGRESSIVE;
				CLANG_WARN_UNREACHABLE_CODE = YES;
				CLANG_WARN__DUPLICATE_METHOD_MATCH = YES;
				COPY_PHASE_STRIP = NO;
				DEBUG_INFORMATION_FORMAT = "dwarf-with-dsym";
				ENABLE_NS_ASSERTIONS = NO;
				ENABLE_STRICT_OBJC_MSGSEND = YES;
				GCC_C_LANGUAGE_STANDARD = gnu11;
				GCC_NO_COMMON_BLOCKS = YES;
				GCC_WARN_64_TO_32_BIT_CONVERSION = YES;
				GCC_WARN_ABOUT_RETURN_TYPE = YES_ERROR;
				GCC_WARN_UNDECLARED_SELECTOR = YES;
				GCC_WARN_UNINITIALIZED_AUTOS = YES_AGGRESSIVE;
				GCC_WARN_UNUSED_FUNCTION = YES;
				GCC_WARN_UNUSED_VARIABLE = YES;
				IPHONEOS_DEPLOYMENT_TARGET = 14.0;
				MTL_ENABLE_DEBUG_INFO = NO;
				MTL_FAST_MATH = YES;
				SDKROOT = iphoneos;
				VALIDATE_PRODUCT = YES;
			};
			name = Release;
		};
		32BC2DE6286AF97900EEF697 /* Debug */ = {
			isa = XCBuildConfiguration;
			baseConfigurationReference = 9A2FA964BBC6A58FB3E9BBF0 /* Pods-bbg.debug.xcconfig */;
			buildSettings = {
				ASSETCATALOG_COMPILER_APPICON_NAME = AppIcon;
				ASSETCATALOG_COMPILER_GLOBAL_ACCENT_COLOR_NAME = AccentColor;
				CODE_SIGN_ENTITLEMENTS = bbg/bbg.entitlements;
				CODE_SIGN_IDENTITY = "Apple Development";
				"CODE_SIGN_IDENTITY[sdk=iphoneos*]" = "iPhone Distribution";
				CODE_SIGN_STYLE = Manual;
				CURRENT_PROJECT_VERSION = 018;
				DEVELOPMENT_TEAM = "";
				"DEVELOPMENT_TEAM[sdk=iphoneos*]" = VC4LFWAT3R;
				GCC_PREPROCESSOR_DEFINITIONS = (
					"$(inherited)",
					"COCOAPODS=1",
				);
				GENERATE_INFOPLIST_FILE = YES;
				INFOPLIST_FILE = bbg/Info.plist;
				INFOPLIST_KEY_CFBundleDisplayName = "A3直播";
				INFOPLIST_KEY_NSCameraUsageDescription = "“A3直播”想访问您的相机，APP需要您的同意，才能访问相机选择照片以上传头像。";
				INFOPLIST_KEY_NSPhotoLibraryAddUsageDescription = "“A3直播”想访问您的相册，APP需要您的同意，才能访问相册选择照片以上传头像。";
				INFOPLIST_KEY_NSPhotoLibraryUsageDescription = "“A3直播”想访问您的相册，APP需要您的同意，才能访问相册选择照片以上传头像。";
				INFOPLIST_KEY_NSUserTrackingUsageDescription = "此标识符将用于向您发送个性化广告。";
				INFOPLIST_KEY_UIApplicationSupportsIndirectInputEvents = YES;
				INFOPLIST_KEY_UILaunchStoryboardName = LaunchScreen;
				INFOPLIST_KEY_UIMainStoryboardFile = Main;
				INFOPLIST_KEY_UISupportedInterfaceOrientations_iPad = "UIInterfaceOrientationPortrait UIInterfaceOrientationPortraitUpsideDown UIInterfaceOrientationLandscapeLeft UIInterfaceOrientationLandscapeRight";
				INFOPLIST_KEY_UISupportedInterfaceOrientations_iPhone = "UIInterfaceOrientationPortrait UIInterfaceOrientationLandscapeLeft UIInterfaceOrientationLandscapeRight";
				LD_RUNPATH_SEARCH_PATHS = (
					"$(inherited)",
					"@executable_path/Frameworks",
				);
				MARKETING_VERSION = 4.7.50;
				PRODUCT_BUNDLE_IDENTIFIER = com.zhanwang.ios.app.cn;
				PRODUCT_NAME = "$(TARGET_NAME)";
				PROVISIONING_PROFILE_SPECIFIER = "";
				"PROVISIONING_PROFILE_SPECIFIER[sdk=iphoneos*]" = zhanwang;
				SWIFT_EMIT_LOC_STRINGS = YES;
				TARGETED_DEVICE_FAMILY = 1;
			};
			name = Debug;
		};
		32BC2DE7286AF97900EEF697 /* Release */ = {
			isa = XCBuildConfiguration;
			baseConfigurationReference = 678C9A101E22C360B656C8EA /* Pods-bbg.release.xcconfig */;
			buildSettings = {
				ASSETCATALOG_COMPILER_APPICON_NAME = AppIcon;
				ASSETCATALOG_COMPILER_GLOBAL_ACCENT_COLOR_NAME = AccentColor;
				CODE_SIGN_ENTITLEMENTS = bbg/bbg.entitlements;
				CODE_SIGN_IDENTITY = "Apple Development";
				"CODE_SIGN_IDENTITY[sdk=iphoneos*]" = "iPhone Distribution";
				CODE_SIGN_STYLE = Manual;
				CURRENT_PROJECT_VERSION = 018;
				DEVELOPMENT_TEAM = "";
				"DEVELOPMENT_TEAM[sdk=iphoneos*]" = VC4LFWAT3R;
				GENERATE_INFOPLIST_FILE = YES;
				INFOPLIST_FILE = bbg/Info.plist;
				INFOPLIST_KEY_CFBundleDisplayName = "A3直播";
				INFOPLIST_KEY_NSCameraUsageDescription = "“A3直播”想访问您的相机，APP需要您的同意，才能访问相机选择照片以上传头像。";
				INFOPLIST_KEY_NSPhotoLibraryAddUsageDescription = "“A3直播”想访问您的相册，APP需要您的同意，才能访问相册选择照片以上传头像。";
				INFOPLIST_KEY_NSPhotoLibraryUsageDescription = "“A3直播”想访问您的相册，APP需要您的同意，才能访问相册选择照片以上传头像。";
				INFOPLIST_KEY_NSUserTrackingUsageDescription = "此标识符将用于向您发送个性化广告。";
				INFOPLIST_KEY_UIApplicationSupportsIndirectInputEvents = YES;
				INFOPLIST_KEY_UILaunchStoryboardName = LaunchScreen;
				INFOPLIST_KEY_UIMainStoryboardFile = Main;
				INFOPLIST_KEY_UISupportedInterfaceOrientations_iPad = "UIInterfaceOrientationPortrait UIInterfaceOrientationPortraitUpsideDown UIInterfaceOrientationLandscapeLeft UIInterfaceOrientationLandscapeRight";
				INFOPLIST_KEY_UISupportedInterfaceOrientations_iPhone = "UIInterfaceOrientationPortrait UIInterfaceOrientationLandscapeLeft UIInterfaceOrientationLandscapeRight";
				LD_RUNPATH_SEARCH_PATHS = (
					"$(inherited)",
					"@executable_path/Frameworks",
				);
				MARKETING_VERSION = 4.7.50;
				PRODUCT_BUNDLE_IDENTIFIER = com.zhanwang.ios.app.cn;
				PRODUCT_NAME = "$(TARGET_NAME)";
				PROVISIONING_PROFILE_SPECIFIER = "";
				"PROVISIONING_PROFILE_SPECIFIER[sdk=iphoneos*]" = zhanwang;
				SWIFT_EMIT_LOC_STRINGS = YES;
				TARGETED_DEVICE_FAMILY = 1;
			};
			name = Release;
		};
/* End XCBuildConfiguration section */

/* Begin XCConfigurationList section */
		32BC2DC7286AF97600EEF697 /* Build configuration list for PBXProject "bbg" */ = {
			isa = XCConfigurationList;
			buildConfigurations = (
				32BC2DE3286AF97900EEF697 /* Debug */,
				32BC2DE4286AF97900EEF697 /* Release */,
			);
			defaultConfigurationIsVisible = 0;
			defaultConfigurationName = Release;
		};
		32BC2DE5286AF97900EEF697 /* Build configuration list for PBXNativeTarget "bbg" */ = {
			isa = XCConfigurationList;
			buildConfigurations = (
				32BC2DE6286AF97900EEF697 /* Debug */,
				32BC2DE7286AF97900EEF697 /* Release */,
			);
			defaultConfigurationIsVisible = 0;
			defaultConfigurationName = Release;
		};
/* End XCConfigurationList section */
	};
	rootObject = 32BC2DC4286AF97600EEF697 /* Project object */;
}
